// !$*UTF8*$!
{
	archiveVersion = 1;
	classes = {
	};
	objectVersion = 46;
	objects = {

/* Begin PBXBuildFile section */
		F614CE351B9748EC00BE9022 /* Sec0601BNRHypnosisViewController.m in Sources */ = {isa = PBXBuildFile; fileRef = F614CE341B9748EC00BE9022 /* Sec0601BNRHypnosisViewController.m */; };
		F614CE381B97492300BE9022 /* Sec0601BNRHypnosisView.m in Sources */ = {isa = PBXBuildFile; fileRef = F614CE371B97492300BE9022 /* Sec0601BNRHypnosisView.m */; };
		F614CE3B1B974AE600BE9022 /* Sec0601BNRReminderViewController.m in Sources */ = {isa = PBXBuildFile; fileRef = F614CE3A1B974AE600BE9022 /* Sec0601BNRReminderViewController.m */; };
		F614CE481B9750E200BE9022 /* Hypno.png in Resources */ = {isa = PBXBuildFile; fileRef = F614CE441B9750E200BE9022 /* Hypno.png */; };
		F614CE491B9750E200BE9022 /* Hypno@2x.png in Resources */ = {isa = PBXBuildFile; fileRef = F614CE451B9750E200BE9022 /* Hypno@2x.png */; };
		F614CE4A1B9750E200BE9022 /* Time.png in Resources */ = {isa = PBXBuildFile; fileRef = F614CE461B9750E200BE9022 /* Time.png */; };
		F614CE4B1B9750E200BE9022 /* Time@2x.png in Resources */ = {isa = PBXBuildFile; fileRef = F614CE471B9750E200BE9022 /* Time@2x.png */; };
		F6271E6A1B99801F00FB96FC /* Sec1001BNRItemDatePickerViewController.m in Sources */ = {isa = PBXBuildFile; fileRef = F6271E691B99801F00FB96FC /* Sec1001BNRItemDatePickerViewController.m */; };
		F6271E6E1B99A8CB00FB96FC /* Sec1101BNRItem.m in Sources */ = {isa = PBXBuildFile; fileRef = F6271E6D1B99A8CB00FB96FC /* Sec1101BNRItem.m */; };
		F6271E711B99A8F800FB96FC /* Sec1101BNRItemStore.m in Sources */ = {isa = PBXBuildFile; fileRef = F6271E701B99A8F800FB96FC /* Sec1101BNRItemStore.m */; };
		F6271E741B99A98D00FB96FC /* Sec1101BNRItemsViewController.m in Sources */ = {isa = PBXBuildFile; fileRef = F6271E731B99A98D00FB96FC /* Sec1101BNRItemsViewController.m */; };
		F6271E771B99AE5600FB96FC /* Sec1101BNRDetailViewController.m in Sources */ = {isa = PBXBuildFile; fileRef = F6271E761B99AE5600FB96FC /* Sec1101BNRDetailViewController.m */; };
		F6271E7A1B99C1C100FB96FC /* Sec1101BNRImageStore.m in Sources */ = {isa = PBXBuildFile; fileRef = F6271E791B99C1C100FB96FC /* Sec1101BNRImageStore.m */; };
		F6271E7D1B99D25900FB96FC /* Sec1101CameraOverlayView.m in Sources */ = {isa = PBXBuildFile; fileRef = F6271E7C1B99D25900FB96FC /* Sec1101CameraOverlayView.m */; };
		F681ECFA1B982B8C006D2C8B /* Quiz@2x.png in Resources */ = {isa = PBXBuildFile; fileRef = F681ECF91B982B8C006D2C8B /* Quiz@2x.png */; };
		F681ECFC1B982B95006D2C8B /* Quiz.png in Resources */ = {isa = PBXBuildFile; fileRef = F681ECFB1B982B95006D2C8B /* Quiz.png */; };
		F681ECFF1B982BDE006D2C8B /* Sec0602BNRQuizViewController.m in Sources */ = {isa = PBXBuildFile; fileRef = F681ECFE1B982BDE006D2C8B /* Sec0602BNRQuizViewController.m */; };
		F681ED021B9830DC006D2C8B /* Sec0602BNRHypnosisView.m in Sources */ = {isa = PBXBuildFile; fileRef = F681ED011B9830DC006D2C8B /* Sec0602BNRHypnosisView.m */; };
		F681ED061B985E80006D2C8B /* Sec0701HypnosisView.m in Sources */ = {isa = PBXBuildFile; fileRef = F681ED051B985E80006D2C8B /* Sec0701HypnosisView.m */; };
		F681ED091B985EE5006D2C8B /* Sec0701HypnosisViewController.m in Sources */ = {isa = PBXBuildFile; fileRef = F681ED081B985EE5006D2C8B /* Sec0701HypnosisViewController.m */; };
		F681ED0D1B986EBD006D2C8B /* Sec0702ViewController.m in Sources */ = {isa = PBXBuildFile; fileRef = F681ED0C1B986EBD006D2C8B /* Sec0702ViewController.m */; };
		F681ED101B986ED5006D2C8B /* Sec0702BNRHypnosisView.m in Sources */ = {isa = PBXBuildFile; fileRef = F681ED0F1B986ED5006D2C8B /* Sec0702BNRHypnosisView.m */; };
		F6865DB31B94690700D1E76C /* Sec0402BNRHypnosisView.m in Sources */ = {isa = PBXBuildFile; fileRef = F6865DB21B94690700D1E76C /* Sec0402BNRHypnosisView.m */; };
		F6865DB71B946B7800D1E76C /* 苹果.png in Resources */ = {isa = PBXBuildFile; fileRef = F6865DB61B946B7800D1E76C /* 苹果.png */; };
		F6865DBA1B949D4C00D1E76C /* Sec0402BNRHypnosisViewController.m in Sources */ = {isa = PBXBuildFile; fileRef = F6865DB91B949D4C00D1E76C /* Sec0402BNRHypnosisViewController.m */; };
		F6865DC01B949DB000D1E76C /* Sec0402BNRHypnosisInfoViewController.m in Sources */ = {isa = PBXBuildFile; fileRef = F6865DBF1B949DB000D1E76C /* Sec0402BNRHypnosisInfoViewController.m */; };
		F6865DC31B94A02E00D1E76C /* InformationViewController.m in Sources */ = {isa = PBXBuildFile; fileRef = F6865DC21B94A02E00D1E76C /* InformationViewController.m */; };
		F68DD0231B9C7E7200708B78 /* Sec1201BNRLine.m in Sources */ = {isa = PBXBuildFile; fileRef = F68DD0221B9C7E7200708B78 /* Sec1201BNRLine.m */; };
		F68DD0261B9C7FBC00708B78 /* Sec1201BNRDrawView.m in Sources */ = {isa = PBXBuildFile; fileRef = F68DD0251B9C7FBC00708B78 /* Sec1201BNRDrawView.m */; };
		F68DD0291B9C86E200708B78 /* Sec1201BNRDrawViewController.m in Sources */ = {isa = PBXBuildFile; fileRef = F68DD0281B9C86E200708B78 /* Sec1201BNRDrawViewController.m */; };
		F693A67E1B994E55003B859D /* Sec1001BNRItem.m in Sources */ = {isa = PBXBuildFile; fileRef = F693A67D1B994E55003B859D /* Sec1001BNRItem.m */; };
		F693A6811B994E8A003B859D /* Sec1001BNRItemStore.m in Sources */ = {isa = PBXBuildFile; fileRef = F693A6801B994E8A003B859D /* Sec1001BNRItemStore.m */; };
		F693A6841B99501A003B859D /* Sec1001BNRItemsViewController.m in Sources */ = {isa = PBXBuildFile; fileRef = F693A6831B99501A003B859D /* Sec1001BNRItemsViewController.m */; };
		F693A6871B995B7D003B859D /* Sec1001BNRDetailViewController.m in Sources */ = {isa = PBXBuildFile; fileRef = F693A6861B995B7D003B859D /* Sec1001BNRDetailViewController.m */; };
		F69A16821B95F78E00B7FFC8 /* Sec0501BNRHypnosisView.m in Sources */ = {isa = PBXBuildFile; fileRef = F69A16811B95F78E00B7FFC8 /* Sec0501BNRHypnosisView.m */; };
		F69A16861B95FD3200B7FFC8 /* Sec0502ViewController.m in Sources */ = {isa = PBXBuildFile; fileRef = F69A16851B95FD3200B7FFC8 /* Sec0502ViewController.m */; };
		F69A16891B95FDE500B7FFC8 /* Sec0502BNRHypnosisView.m in Sources */ = {isa = PBXBuildFile; fileRef = F69A16881B95FDE500B7FFC8 /* Sec0502BNRHypnosisView.m */; };
		F69A168D1B9602C900B7FFC8 /* Sec0503BNRHypnosisView.m in Sources */ = {isa = PBXBuildFile; fileRef = F69A168C1B9602C900B7FFC8 /* Sec0503BNRHypnosisView.m */; };
		F69A16901B9602E500B7FFC8 /* Sec0503ViewController.m in Sources */ = {isa = PBXBuildFile; fileRef = F69A168F1B9602E500B7FFC8 /* Sec0503ViewController.m */; };
		F69F80301B92F5A600F06826 /* Sec0201BNRItemViewController.m in Sources */ = {isa = PBXBuildFile; fileRef = F69F802F1B92F5A600F06826 /* Sec0201BNRItemViewController.m */; };
		F69F80351B92F5D800F06826 /* Sec0101BNRQuizViewController.m in Sources */ = {isa = PBXBuildFile; fileRef = F69F80321B92F5D800F06826 /* Sec0101BNRQuizViewController.m */; };
		F69F80361B92F5D800F06826 /* Sec0101InformationViewController.m in Sources */ = {isa = PBXBuildFile; fileRef = F69F80341B92F5D800F06826 /* Sec0101InformationViewController.m */; };
		F69F803A1B92F6B600F06826 /* Sec0202BNRItem.m in Sources */ = {isa = PBXBuildFile; fileRef = F69F80391B92F6B600F06826 /* Sec0202BNRItem.m */; };
		F69F803D1B92FFC400F06826 /* Sec0202BNRContainer.m in Sources */ = {isa = PBXBuildFile; fileRef = F69F803C1B92FFC400F06826 /* Sec0202BNRContainer.m */; };
		F6A2CC121BBAC64200D04DC2 /* MainSec21.storyboard in Resources */ = {isa = PBXBuildFile; fileRef = F6A2CC111BBAC64200D04DC2 /* MainSec21.storyboard */; settings = {ASSET_TAGS = (); }; };
		F6A2CC151BBAC6F700D04DC2 /* Sec2101BNRCoursesViewController.m in Sources */ = {isa = PBXBuildFile; fileRef = F6A2CC141BBAC6F700D04DC2 /* Sec2101BNRCoursesViewController.m */; settings = {ASSET_TAGS = (); }; };
		F6A96C281B92D12B00E5DBD4 /* Sec0201BNRItem.m in Sources */ = {isa = PBXBuildFile; fileRef = F6A96C271B92D12B00E5DBD4 /* Sec0201BNRItem.m */; };
		F6ADCCB31B98765C0078FDB2 /* Sec0801BNRItemsViewController.m in Sources */ = {isa = PBXBuildFile; fileRef = F6ADCCB21B98765C0078FDB2 /* Sec0801BNRItemsViewController.m */; };
		F6ADCCB61B9876C30078FDB2 /* Sec0801BNRItem.m in Sources */ = {isa = PBXBuildFile; fileRef = F6ADCCB51B9876C30078FDB2 /* Sec0801BNRItem.m */; };
		F6ADCCB91B9877260078FDB2 /* Sec0801BNRItemStore.m in Sources */ = {isa = PBXBuildFile; fileRef = F6ADCCB81B9877260078FDB2 /* Sec0801BNRItemStore.m */; };
		F6ADCCBD1B98863E0078FDB2 /* Sec0802BNRItem.m in Sources */ = {isa = PBXBuildFile; fileRef = F6ADCCBC1B98863E0078FDB2 /* Sec0802BNRItem.m */; };
		F6ADCCC01B9886790078FDB2 /* Sec0802BNRItemStore.m in Sources */ = {isa = PBXBuildFile; fileRef = F6ADCCBF1B9886790078FDB2 /* Sec0802BNRItemStore.m */; };
		F6ADCCC31B98874E0078FDB2 /* Sec0802BNRItemViewController.m in Sources */ = {isa = PBXBuildFile; fileRef = F6ADCCC21B98874E0078FDB2 /* Sec0802BNRItemViewController.m */; };
		F6ADCCC51B988FA10078FDB2 /* 背景.png in Resources */ = {isa = PBXBuildFile; fileRef = F6ADCCC41B988FA10078FDB2 /* 背景.png */; };
		F6ADCCC91B98949F0078FDB2 /* Sec0901BNRItemsViewController.m in Sources */ = {isa = PBXBuildFile; fileRef = F6ADCCC81B98949F0078FDB2 /* Sec0901BNRItemsViewController.m */; };
		F6ADCCCC1B98951B0078FDB2 /* Sec0901BNRItem.m in Sources */ = {isa = PBXBuildFile; fileRef = F6ADCCCB1B98951B0078FDB2 /* Sec0901BNRItem.m */; };
		F6ADCCCF1B98952E0078FDB2 /* Sec0901BNRItemStore.m in Sources */ = {isa = PBXBuildFile; fileRef = F6ADCCCE1B98952E0078FDB2 /* Sec0901BNRItemStore.m */; };
		F6B473571B8DA3230045E578 /* main.m in Sources */ = {isa = PBXBuildFile; fileRef = F6B473561B8DA3230045E578 /* main.m */; };
		F6B4735A1B8DA3230045E578 /* AppDelegate.m in Sources */ = {isa = PBXBuildFile; fileRef = F6B473591B8DA3230045E578 /* AppDelegate.m */; };
		F6B473601B8DA3230045E578 /* Main.storyboard in Resources */ = {isa = PBXBuildFile; fileRef = F6B4735E1B8DA3230045E578 /* Main.storyboard */; };
		F6B473621B8DA3230045E578 /* Images.xcassets in Resources */ = {isa = PBXBuildFile; fileRef = F6B473611B8DA3230045E578 /* Images.xcassets */; };
		F6B473651B8DA3230045E578 /* LaunchScreen.xib in Resources */ = {isa = PBXBuildFile; fileRef = F6B473631B8DA3230045E578 /* LaunchScreen.xib */; };
		F6B473711B8DA3230045E578 /* iOSProgrammingTests.m in Sources */ = {isa = PBXBuildFile; fileRef = F6B473701B8DA3230045E578 /* iOSProgrammingTests.m */; };
		F6B4737C1B8DA6460045E578 /* RootNavigationController.m in Sources */ = {isa = PBXBuildFile; fileRef = F6B4737B1B8DA6460045E578 /* RootNavigationController.m */; };
		F6B4737F1B8DA7100045E578 /* RootTableViewController.m in Sources */ = {isa = PBXBuildFile; fileRef = F6B4737E1B8DA7100045E578 /* RootTableViewController.m */; };
		F6B4738A1B8DC1590045E578 /* SecEndViewController.m in Sources */ = {isa = PBXBuildFile; fileRef = F6B473891B8DC1590045E578 /* SecEndViewController.m */; };
		F6CCACE11BB63050005EA153 /* Sec1901BNRItemCell.m in Sources */ = {isa = PBXBuildFile; fileRef = F6CCACE01BB63050005EA153 /* Sec1901BNRItemCell.m */; settings = {ASSET_TAGS = (); }; };
		F6CCACE31BB630F9005EA153 /* Sec19BNRItemCell.xib in Resources */ = {isa = PBXBuildFile; fileRef = F6CCACE21BB630F9005EA153 /* Sec19BNRItemCell.xib */; settings = {ASSET_TAGS = (); }; };
		F6CCACE81BB63C33005EA153 /* Sec1901BNRItem.m in Sources */ = {isa = PBXBuildFile; fileRef = F6CCACE71BB63C33005EA153 /* Sec1901BNRItem.m */; settings = {ASSET_TAGS = (); }; };
		F6CCACEB1BB63C89005EA153 /* Sec1901BNRItemStore.m in Sources */ = {isa = PBXBuildFile; fileRef = F6CCACEA1BB63C89005EA153 /* Sec1901BNRItemStore.m */; settings = {ASSET_TAGS = (); }; };
		F6CCACEE1BB63D32005EA153 /* Sec1901BNRImageStore.m in Sources */ = {isa = PBXBuildFile; fileRef = F6CCACED1BB63D32005EA153 /* Sec1901BNRImageStore.m */; settings = {ASSET_TAGS = (); }; };
		F6CCACF41BB63EEB005EA153 /* Sec1901BNRItemsViewController.m in Sources */ = {isa = PBXBuildFile; fileRef = F6CCACF31BB63EEB005EA153 /* Sec1901BNRItemsViewController.m */; settings = {ASSET_TAGS = (); }; };
		F6CCACF71BB6449E005EA153 /* Sec1901BNRDetailViewController.m in Sources */ = {isa = PBXBuildFile; fileRef = F6CCACF61BB6449E005EA153 /* Sec1901BNRDetailViewController.m */; settings = {ASSET_TAGS = (); }; };
		F6CCACFA1BB6FBFB005EA153 /* Sec1901BNRImageViewController.m in Sources */ = {isa = PBXBuildFile; fileRef = F6CCACF91BB6FBFB005EA153 /* Sec1901BNRImageViewController.m */; settings = {ASSET_TAGS = (); }; };
		F6DAF41A1B9F2A43008E3307 /* Sec1301BNRLine.m in Sources */ = {isa = PBXBuildFile; fileRef = F6DAF4191B9F2A43008E3307 /* Sec1301BNRLine.m */; };
		F6DAF41D1B9F2C25008E3307 /* Sec1301BNRDrawView.m in Sources */ = {isa = PBXBuildFile; fileRef = F6DAF41C1B9F2C25008E3307 /* Sec1301BNRDrawView.m */; };
		F6DAF4201B9F3173008E3307 /* Sec1301ViewController.m in Sources */ = {isa = PBXBuildFile; fileRef = F6DAF41F1B9F3173008E3307 /* Sec1301ViewController.m */; };
		F6F0D8361B930ACB00E0B5E4 /* Sec0202BNRContainerViewController.m in Sources */ = {isa = PBXBuildFile; fileRef = F6F0D8351B930ACB00E0B5E4 /* Sec0202BNRContainerViewController.m */; };
		F6F0D83B1B93578400E0B5E4 /* Sec0401BNRHypnosisViewController.m in Sources */ = {isa = PBXBuildFile; fileRef = F6F0D8391B93578400E0B5E4 /* Sec0401BNRHypnosisViewController.m */; };
		F6F0D83F1B93581F00E0B5E4 /* Sec0401BNRHypnosisView.m in Sources */ = {isa = PBXBuildFile; fileRef = F6F0D83E1B93581F00E0B5E4 /* Sec0401BNRHypnosisView.m */; };
		F6F0D8421B93600600E0B5E4 /* Sec0401BNRHypnosisInfoViewController.m in Sources */ = {isa = PBXBuildFile; fileRef = F6F0D8411B93600600E0B5E4 /* Sec0401BNRHypnosisInfoViewController.m */; };
		F6FD8E1C1BBA189000D1CD1D /* MainSec19.storyboard in Resources */ = {isa = PBXBuildFile; fileRef = F6FD8E1B1BBA189000D1CD1D /* MainSec19.storyboard */; settings = {ASSET_TAGS = (); }; };
/* End PBXBuildFile section */

/* Begin PBXContainerItemProxy section */
		F6B4736B1B8DA3230045E578 /* PBXContainerItemProxy */ = {
			isa = PBXContainerItemProxy;
			containerPortal = F6B473491B8DA3230045E578 /* Project object */;
			proxyType = 1;
			remoteGlobalIDString = F6B473501B8DA3230045E578;
			remoteInfo = iOSProgramming;
		};
/* End PBXContainerItemProxy section */

/* Begin PBXFileReference section */
		F614CE331B9748EC00BE9022 /* Sec0601BNRHypnosisViewController.h */ = {isa = PBXFileReference; fileEncoding = 4; lastKnownFileType = sourcecode.c.h; name = Sec0601BNRHypnosisViewController.h; path = Sec0601/Sec0601BNRHypnosisViewController.h; sourceTree = "<group>"; };
		F614CE341B9748EC00BE9022 /* Sec0601BNRHypnosisViewController.m */ = {isa = PBXFileReference; fileEncoding = 4; lastKnownFileType = sourcecode.c.objc; name = Sec0601BNRHypnosisViewController.m; path = Sec0601/Sec0601BNRHypnosisViewController.m; sourceTree = "<group>"; };
		F614CE361B97492300BE9022 /* Sec0601BNRHypnosisView.h */ = {isa = PBXFileReference; fileEncoding = 4; lastKnownFileType = sourcecode.c.h; name = Sec0601BNRHypnosisView.h; path = Sec0601/Sec0601BNRHypnosisView.h; sourceTree = "<group>"; };
		F614CE371B97492300BE9022 /* Sec0601BNRHypnosisView.m */ = {isa = PBXFileReference; fileEncoding = 4; lastKnownFileType = sourcecode.c.objc; name = Sec0601BNRHypnosisView.m; path = Sec0601/Sec0601BNRHypnosisView.m; sourceTree = "<group>"; };
		F614CE391B974AE600BE9022 /* Sec0601BNRReminderViewController.h */ = {isa = PBXFileReference; fileEncoding = 4; lastKnownFileType = sourcecode.c.h; name = Sec0601BNRReminderViewController.h; path = Sec0601/Sec0601BNRReminderViewController.h; sourceTree = "<group>"; };
		F614CE3A1B974AE600BE9022 /* Sec0601BNRReminderViewController.m */ = {isa = PBXFileReference; fileEncoding = 4; lastKnownFileType = sourcecode.c.objc; name = Sec0601BNRReminderViewController.m; path = Sec0601/Sec0601BNRReminderViewController.m; sourceTree = "<group>"; };
		F614CE441B9750E200BE9022 /* Hypno.png */ = {isa = PBXFileReference; lastKnownFileType = image.png; name = Hypno.png; path = Sec0601/Hypno.png; sourceTree = "<group>"; };
		F614CE451B9750E200BE9022 /* Hypno@2x.png */ = {isa = PBXFileReference; lastKnownFileType = image.png; name = "Hypno@2x.png"; path = "Sec0601/Hypno@2x.png"; sourceTree = "<group>"; };
		F614CE461B9750E200BE9022 /* Time.png */ = {isa = PBXFileReference; lastKnownFileType = image.png; name = Time.png; path = Sec0601/Time.png; sourceTree = "<group>"; };
		F614CE471B9750E200BE9022 /* Time@2x.png */ = {isa = PBXFileReference; lastKnownFileType = image.png; name = "Time@2x.png"; path = "Sec0601/Time@2x.png"; sourceTree = "<group>"; };
		F6271E681B99801F00FB96FC /* Sec1001BNRItemDatePickerViewController.h */ = {isa = PBXFileReference; fileEncoding = 4; lastKnownFileType = sourcecode.c.h; name = Sec1001BNRItemDatePickerViewController.h; path = Sec1001/Sec1001BNRItemDatePickerViewController.h; sourceTree = "<group>"; };
		F6271E691B99801F00FB96FC /* Sec1001BNRItemDatePickerViewController.m */ = {isa = PBXFileReference; fileEncoding = 4; lastKnownFileType = sourcecode.c.objc; name = Sec1001BNRItemDatePickerViewController.m; path = Sec1001/Sec1001BNRItemDatePickerViewController.m; sourceTree = "<group>"; };
		F6271E6C1B99A8CB00FB96FC /* Sec1101BNRItem.h */ = {isa = PBXFileReference; fileEncoding = 4; lastKnownFileType = sourcecode.c.h; name = Sec1101BNRItem.h; path = Sec1101/Sec1101BNRItem.h; sourceTree = "<group>"; };
		F6271E6D1B99A8CB00FB96FC /* Sec1101BNRItem.m */ = {isa = PBXFileReference; fileEncoding = 4; lastKnownFileType = sourcecode.c.objc; name = Sec1101BNRItem.m; path = Sec1101/Sec1101BNRItem.m; sourceTree = "<group>"; };
		F6271E6F1B99A8F800FB96FC /* Sec1101BNRItemStore.h */ = {isa = PBXFileReference; fileEncoding = 4; lastKnownFileType = sourcecode.c.h; name = Sec1101BNRItemStore.h; path = Sec1101/Sec1101BNRItemStore.h; sourceTree = "<group>"; };
		F6271E701B99A8F800FB96FC /* Sec1101BNRItemStore.m */ = {isa = PBXFileReference; fileEncoding = 4; lastKnownFileType = sourcecode.c.objc; name = Sec1101BNRItemStore.m; path = Sec1101/Sec1101BNRItemStore.m; sourceTree = "<group>"; };
		F6271E721B99A98D00FB96FC /* Sec1101BNRItemsViewController.h */ = {isa = PBXFileReference; fileEncoding = 4; lastKnownFileType = sourcecode.c.h; name = Sec1101BNRItemsViewController.h; path = Sec1101/Sec1101BNRItemsViewController.h; sourceTree = "<group>"; };
		F6271E731B99A98D00FB96FC /* Sec1101BNRItemsViewController.m */ = {isa = PBXFileReference; fileEncoding = 4; lastKnownFileType = sourcecode.c.objc; name = Sec1101BNRItemsViewController.m; path = Sec1101/Sec1101BNRItemsViewController.m; sourceTree = "<group>"; };
		F6271E751B99AE5600FB96FC /* Sec1101BNRDetailViewController.h */ = {isa = PBXFileReference; fileEncoding = 4; lastKnownFileType = sourcecode.c.h; name = Sec1101BNRDetailViewController.h; path = Sec1101/Sec1101BNRDetailViewController.h; sourceTree = "<group>"; };
		F6271E761B99AE5600FB96FC /* Sec1101BNRDetailViewController.m */ = {isa = PBXFileReference; fileEncoding = 4; lastKnownFileType = sourcecode.c.objc; name = Sec1101BNRDetailViewController.m; path = Sec1101/Sec1101BNRDetailViewController.m; sourceTree = "<group>"; };
		F6271E781B99C1C100FB96FC /* Sec1101BNRImageStore.h */ = {isa = PBXFileReference; fileEncoding = 4; lastKnownFileType = sourcecode.c.h; name = Sec1101BNRImageStore.h; path = Sec1101/Sec1101BNRImageStore.h; sourceTree = "<group>"; };
		F6271E791B99C1C100FB96FC /* Sec1101BNRImageStore.m */ = {isa = PBXFileReference; fileEncoding = 4; lastKnownFileType = sourcecode.c.objc; name = Sec1101BNRImageStore.m; path = Sec1101/Sec1101BNRImageStore.m; sourceTree = "<group>"; };
		F6271E7B1B99D25900FB96FC /* Sec1101CameraOverlayView.h */ = {isa = PBXFileReference; fileEncoding = 4; lastKnownFileType = sourcecode.c.h; name = Sec1101CameraOverlayView.h; path = Sec1101/Sec1101CameraOverlayView.h; sourceTree = "<group>"; };
		F6271E7C1B99D25900FB96FC /* Sec1101CameraOverlayView.m */ = {isa = PBXFileReference; fileEncoding = 4; lastKnownFileType = sourcecode.c.objc; name = Sec1101CameraOverlayView.m; path = Sec1101/Sec1101CameraOverlayView.m; sourceTree = "<group>"; };
		F681ECF91B982B8C006D2C8B /* Quiz@2x.png */ = {isa = PBXFileReference; lastKnownFileType = image.png; name = "Quiz@2x.png"; path = "Sec0602/Quiz@2x.png"; sourceTree = "<group>"; };
		F681ECFB1B982B95006D2C8B /* Quiz.png */ = {isa = PBXFileReference; lastKnownFileType = image.png; name = Quiz.png; path = Sec0602/Quiz.png; sourceTree = "<group>"; };
		F681ECFD1B982BDE006D2C8B /* Sec0602BNRQuizViewController.h */ = {isa = PBXFileReference; fileEncoding = 4; lastKnownFileType = sourcecode.c.h; name = Sec0602BNRQuizViewController.h; path = Sec0602/Sec0602BNRQuizViewController.h; sourceTree = "<group>"; };
		F681ECFE1B982BDE006D2C8B /* Sec0602BNRQuizViewController.m */ = {isa = PBXFileReference; fileEncoding = 4; lastKnownFileType = sourcecode.c.objc; name = Sec0602BNRQuizViewController.m; path = Sec0602/Sec0602BNRQuizViewController.m; sourceTree = "<group>"; };
		F681ED001B9830DC006D2C8B /* Sec0602BNRHypnosisView.h */ = {isa = PBXFileReference; fileEncoding = 4; lastKnownFileType = sourcecode.c.h; name = Sec0602BNRHypnosisView.h; path = Sec0602/Sec0602BNRHypnosisView.h; sourceTree = "<group>"; };
		F681ED011B9830DC006D2C8B /* Sec0602BNRHypnosisView.m */ = {isa = PBXFileReference; fileEncoding = 4; lastKnownFileType = sourcecode.c.objc; name = Sec0602BNRHypnosisView.m; path = Sec0602/Sec0602BNRHypnosisView.m; sourceTree = "<group>"; };
		F681ED041B985E80006D2C8B /* Sec0701HypnosisView.h */ = {isa = PBXFileReference; fileEncoding = 4; lastKnownFileType = sourcecode.c.h; name = Sec0701HypnosisView.h; path = Sec0701/Sec0701HypnosisView.h; sourceTree = "<group>"; };
		F681ED051B985E80006D2C8B /* Sec0701HypnosisView.m */ = {isa = PBXFileReference; fileEncoding = 4; lastKnownFileType = sourcecode.c.objc; name = Sec0701HypnosisView.m; path = Sec0701/Sec0701HypnosisView.m; sourceTree = "<group>"; };
		F681ED071B985EE5006D2C8B /* Sec0701HypnosisViewController.h */ = {isa = PBXFileReference; fileEncoding = 4; lastKnownFileType = sourcecode.c.h; name = Sec0701HypnosisViewController.h; path = Sec0701/Sec0701HypnosisViewController.h; sourceTree = "<group>"; };
		F681ED081B985EE5006D2C8B /* Sec0701HypnosisViewController.m */ = {isa = PBXFileReference; fileEncoding = 4; lastKnownFileType = sourcecode.c.objc; name = Sec0701HypnosisViewController.m; path = Sec0701/Sec0701HypnosisViewController.m; sourceTree = "<group>"; };
		F681ED0B1B986EBD006D2C8B /* Sec0702ViewController.h */ = {isa = PBXFileReference; fileEncoding = 4; lastKnownFileType = sourcecode.c.h; name = Sec0702ViewController.h; path = Sec0702/Sec0702ViewController.h; sourceTree = "<group>"; };
		F681ED0C1B986EBD006D2C8B /* Sec0702ViewController.m */ = {isa = PBXFileReference; fileEncoding = 4; lastKnownFileType = sourcecode.c.objc; name = Sec0702ViewController.m; path = Sec0702/Sec0702ViewController.m; sourceTree = "<group>"; };
		F681ED0E1B986ED5006D2C8B /* Sec0702BNRHypnosisView.h */ = {isa = PBXFileReference; fileEncoding = 4; lastKnownFileType = sourcecode.c.h; name = Sec0702BNRHypnosisView.h; path = Sec0702/Sec0702BNRHypnosisView.h; sourceTree = "<group>"; };
		F681ED0F1B986ED5006D2C8B /* Sec0702BNRHypnosisView.m */ = {isa = PBXFileReference; fileEncoding = 4; lastKnownFileType = sourcecode.c.objc; name = Sec0702BNRHypnosisView.m; path = Sec0702/Sec0702BNRHypnosisView.m; sourceTree = "<group>"; };
		F6865DB11B94690700D1E76C /* Sec0402BNRHypnosisView.h */ = {isa = PBXFileReference; fileEncoding = 4; lastKnownFileType = sourcecode.c.h; name = Sec0402BNRHypnosisView.h; path = Sec0402/Sec0402BNRHypnosisView.h; sourceTree = "<group>"; };
		F6865DB21B94690700D1E76C /* Sec0402BNRHypnosisView.m */ = {isa = PBXFileReference; fileEncoding = 4; lastKnownFileType = sourcecode.c.objc; name = Sec0402BNRHypnosisView.m; path = Sec0402/Sec0402BNRHypnosisView.m; sourceTree = "<group>"; };
		F6865DB61B946B7800D1E76C /* 苹果.png */ = {isa = PBXFileReference; lastKnownFileType = image.png; name = "苹果.png"; path = "Sec0402/苹果.png"; sourceTree = "<group>"; };
		F6865DB81B949D4C00D1E76C /* Sec0402BNRHypnosisViewController.h */ = {isa = PBXFileReference; fileEncoding = 4; lastKnownFileType = sourcecode.c.h; name = Sec0402BNRHypnosisViewController.h; path = Sec0402/Sec0402BNRHypnosisViewController.h; sourceTree = "<group>"; };
		F6865DB91B949D4C00D1E76C /* Sec0402BNRHypnosisViewController.m */ = {isa = PBXFileReference; fileEncoding = 4; lastKnownFileType = sourcecode.c.objc; name = Sec0402BNRHypnosisViewController.m; path = Sec0402/Sec0402BNRHypnosisViewController.m; sourceTree = "<group>"; };
		F6865DBE1B949DB000D1E76C /* Sec0402BNRHypnosisInfoViewController.h */ = {isa = PBXFileReference; fileEncoding = 4; lastKnownFileType = sourcecode.c.h; name = Sec0402BNRHypnosisInfoViewController.h; path = Sec0402/Sec0402BNRHypnosisInfoViewController.h; sourceTree = "<group>"; };
		F6865DBF1B949DB000D1E76C /* Sec0402BNRHypnosisInfoViewController.m */ = {isa = PBXFileReference; fileEncoding = 4; lastKnownFileType = sourcecode.c.objc; name = Sec0402BNRHypnosisInfoViewController.m; path = Sec0402/Sec0402BNRHypnosisInfoViewController.m; sourceTree = "<group>"; };
		F6865DC11B94A02E00D1E76C /* InformationViewController.h */ = {isa = PBXFileReference; fileEncoding = 4; lastKnownFileType = sourcecode.c.h; path = InformationViewController.h; sourceTree = "<group>"; };
		F6865DC21B94A02E00D1E76C /* InformationViewController.m */ = {isa = PBXFileReference; fileEncoding = 4; lastKnownFileType = sourcecode.c.objc; path = InformationViewController.m; sourceTree = "<group>"; };
		F68DD0211B9C7E7200708B78 /* Sec1201BNRLine.h */ = {isa = PBXFileReference; fileEncoding = 4; lastKnownFileType = sourcecode.c.h; name = Sec1201BNRLine.h; path = Sec1201/Sec1201BNRLine.h; sourceTree = "<group>"; };
		F68DD0221B9C7E7200708B78 /* Sec1201BNRLine.m */ = {isa = PBXFileReference; fileEncoding = 4; lastKnownFileType = sourcecode.c.objc; name = Sec1201BNRLine.m; path = Sec1201/Sec1201BNRLine.m; sourceTree = "<group>"; };
		F68DD0241B9C7FBC00708B78 /* Sec1201BNRDrawView.h */ = {isa = PBXFileReference; fileEncoding = 4; lastKnownFileType = sourcecode.c.h; name = Sec1201BNRDrawView.h; path = Sec1201/Sec1201BNRDrawView.h; sourceTree = "<group>"; };
		F68DD0251B9C7FBC00708B78 /* Sec1201BNRDrawView.m */ = {isa = PBXFileReference; fileEncoding = 4; lastKnownFileType = sourcecode.c.objc; name = Sec1201BNRDrawView.m; path = Sec1201/Sec1201BNRDrawView.m; sourceTree = "<group>"; };
		F68DD0271B9C86E200708B78 /* Sec1201BNRDrawViewController.h */ = {isa = PBXFileReference; fileEncoding = 4; lastKnownFileType = sourcecode.c.h; name = Sec1201BNRDrawViewController.h; path = Sec1201/Sec1201BNRDrawViewController.h; sourceTree = "<group>"; };
		F68DD0281B9C86E200708B78 /* Sec1201BNRDrawViewController.m */ = {isa = PBXFileReference; fileEncoding = 4; lastKnownFileType = sourcecode.c.objc; name = Sec1201BNRDrawViewController.m; path = Sec1201/Sec1201BNRDrawViewController.m; sourceTree = "<group>"; };
		F693A67C1B994E55003B859D /* Sec1001BNRItem.h */ = {isa = PBXFileReference; fileEncoding = 4; lastKnownFileType = sourcecode.c.h; name = Sec1001BNRItem.h; path = Sec1001/Sec1001BNRItem.h; sourceTree = "<group>"; };
		F693A67D1B994E55003B859D /* Sec1001BNRItem.m */ = {isa = PBXFileReference; fileEncoding = 4; lastKnownFileType = sourcecode.c.objc; name = Sec1001BNRItem.m; path = Sec1001/Sec1001BNRItem.m; sourceTree = "<group>"; };
		F693A67F1B994E8A003B859D /* Sec1001BNRItemStore.h */ = {isa = PBXFileReference; fileEncoding = 4; lastKnownFileType = sourcecode.c.h; name = Sec1001BNRItemStore.h; path = Sec1001/Sec1001BNRItemStore.h; sourceTree = "<group>"; };
		F693A6801B994E8A003B859D /* Sec1001BNRItemStore.m */ = {isa = PBXFileReference; fileEncoding = 4; lastKnownFileType = sourcecode.c.objc; name = Sec1001BNRItemStore.m; path = Sec1001/Sec1001BNRItemStore.m; sourceTree = "<group>"; };
		F693A6821B99501A003B859D /* Sec1001BNRItemsViewController.h */ = {isa = PBXFileReference; fileEncoding = 4; lastKnownFileType = sourcecode.c.h; name = Sec1001BNRItemsViewController.h; path = Sec1001/Sec1001BNRItemsViewController.h; sourceTree = "<group>"; };
		F693A6831B99501A003B859D /* Sec1001BNRItemsViewController.m */ = {isa = PBXFileReference; fileEncoding = 4; lastKnownFileType = sourcecode.c.objc; name = Sec1001BNRItemsViewController.m; path = Sec1001/Sec1001BNRItemsViewController.m; sourceTree = "<group>"; };
		F693A6851B995B7D003B859D /* Sec1001BNRDetailViewController.h */ = {isa = PBXFileReference; fileEncoding = 4; lastKnownFileType = sourcecode.c.h; name = Sec1001BNRDetailViewController.h; path = Sec1001/Sec1001BNRDetailViewController.h; sourceTree = "<group>"; };
		F693A6861B995B7D003B859D /* Sec1001BNRDetailViewController.m */ = {isa = PBXFileReference; fileEncoding = 4; lastKnownFileType = sourcecode.c.objc; name = Sec1001BNRDetailViewController.m; path = Sec1001/Sec1001BNRDetailViewController.m; sourceTree = "<group>"; };
		F69A16801B95F78E00B7FFC8 /* Sec0501BNRHypnosisView.h */ = {isa = PBXFileReference; fileEncoding = 4; lastKnownFileType = sourcecode.c.h; name = Sec0501BNRHypnosisView.h; path = Sec0501/Sec0501BNRHypnosisView.h; sourceTree = "<group>"; };
		F69A16811B95F78E00B7FFC8 /* Sec0501BNRHypnosisView.m */ = {isa = PBXFileReference; fileEncoding = 4; lastKnownFileType = sourcecode.c.objc; name = Sec0501BNRHypnosisView.m; path = Sec0501/Sec0501BNRHypnosisView.m; sourceTree = "<group>"; };
		F69A16841B95FD3200B7FFC8 /* Sec0502ViewController.h */ = {isa = PBXFileReference; fileEncoding = 4; lastKnownFileType = sourcecode.c.h; name = Sec0502ViewController.h; path = Sec0502/Sec0502ViewController.h; sourceTree = "<group>"; };
		F69A16851B95FD3200B7FFC8 /* Sec0502ViewController.m */ = {isa = PBXFileReference; fileEncoding = 4; lastKnownFileType = sourcecode.c.objc; name = Sec0502ViewController.m; path = Sec0502/Sec0502ViewController.m; sourceTree = "<group>"; };
		F69A16871B95FDE500B7FFC8 /* Sec0502BNRHypnosisView.h */ = {isa = PBXFileReference; fileEncoding = 4; lastKnownFileType = sourcecode.c.h; name = Sec0502BNRHypnosisView.h; path = Sec0502/Sec0502BNRHypnosisView.h; sourceTree = "<group>"; };
		F69A16881B95FDE500B7FFC8 /* Sec0502BNRHypnosisView.m */ = {isa = PBXFileReference; fileEncoding = 4; lastKnownFileType = sourcecode.c.objc; name = Sec0502BNRHypnosisView.m; path = Sec0502/Sec0502BNRHypnosisView.m; sourceTree = "<group>"; };
		F69A168B1B9602C900B7FFC8 /* Sec0503BNRHypnosisView.h */ = {isa = PBXFileReference; fileEncoding = 4; lastKnownFileType = sourcecode.c.h; name = Sec0503BNRHypnosisView.h; path = Sec0503/Sec0503BNRHypnosisView.h; sourceTree = "<group>"; };
		F69A168C1B9602C900B7FFC8 /* Sec0503BNRHypnosisView.m */ = {isa = PBXFileReference; fileEncoding = 4; lastKnownFileType = sourcecode.c.objc; name = Sec0503BNRHypnosisView.m; path = Sec0503/Sec0503BNRHypnosisView.m; sourceTree = "<group>"; };
		F69A168E1B9602E500B7FFC8 /* Sec0503ViewController.h */ = {isa = PBXFileReference; fileEncoding = 4; lastKnownFileType = sourcecode.c.h; name = Sec0503ViewController.h; path = Sec0503/Sec0503ViewController.h; sourceTree = "<group>"; };
		F69A168F1B9602E500B7FFC8 /* Sec0503ViewController.m */ = {isa = PBXFileReference; fileEncoding = 4; lastKnownFileType = sourcecode.c.objc; name = Sec0503ViewController.m; path = Sec0503/Sec0503ViewController.m; sourceTree = "<group>"; };
		F69F802E1B92F5A600F06826 /* Sec0201BNRItemViewController.h */ = {isa = PBXFileReference; fileEncoding = 4; lastKnownFileType = sourcecode.c.h; name = Sec0201BNRItemViewController.h; path = Sec0201/Sec0201BNRItemViewController.h; sourceTree = "<group>"; };
		F69F802F1B92F5A600F06826 /* Sec0201BNRItemViewController.m */ = {isa = PBXFileReference; fileEncoding = 4; lastKnownFileType = sourcecode.c.objc; name = Sec0201BNRItemViewController.m; path = Sec0201/Sec0201BNRItemViewController.m; sourceTree = "<group>"; };
		F69F80311B92F5D800F06826 /* Sec0101BNRQuizViewController.h */ = {isa = PBXFileReference; fileEncoding = 4; lastKnownFileType = sourcecode.c.h; name = Sec0101BNRQuizViewController.h; path = Sec0101/Sec0101BNRQuizViewController.h; sourceTree = "<group>"; };
		F69F80321B92F5D800F06826 /* Sec0101BNRQuizViewController.m */ = {isa = PBXFileReference; fileEncoding = 4; lastKnownFileType = sourcecode.c.objc; name = Sec0101BNRQuizViewController.m; path = Sec0101/Sec0101BNRQuizViewController.m; sourceTree = "<group>"; };
		F69F80331B92F5D800F06826 /* Sec0101InformationViewController.h */ = {isa = PBXFileReference; fileEncoding = 4; lastKnownFileType = sourcecode.c.h; name = Sec0101InformationViewController.h; path = Sec0101/Sec0101InformationViewController.h; sourceTree = "<group>"; };
		F69F80341B92F5D800F06826 /* Sec0101InformationViewController.m */ = {isa = PBXFileReference; fileEncoding = 4; lastKnownFileType = sourcecode.c.objc; name = Sec0101InformationViewController.m; path = Sec0101/Sec0101InformationViewController.m; sourceTree = "<group>"; };
		F69F80381B92F6B600F06826 /* Sec0202BNRItem.h */ = {isa = PBXFileReference; fileEncoding = 4; lastKnownFileType = sourcecode.c.h; name = Sec0202BNRItem.h; path = Sec0202/Sec0202BNRItem.h; sourceTree = "<group>"; };
		F69F80391B92F6B600F06826 /* Sec0202BNRItem.m */ = {isa = PBXFileReference; fileEncoding = 4; lastKnownFileType = sourcecode.c.objc; name = Sec0202BNRItem.m; path = Sec0202/Sec0202BNRItem.m; sourceTree = "<group>"; };
		F69F803B1B92FFC400F06826 /* Sec0202BNRContainer.h */ = {isa = PBXFileReference; fileEncoding = 4; lastKnownFileType = sourcecode.c.h; name = Sec0202BNRContainer.h; path = Sec0202/Sec0202BNRContainer.h; sourceTree = "<group>"; };
		F69F803C1B92FFC400F06826 /* Sec0202BNRContainer.m */ = {isa = PBXFileReference; fileEncoding = 4; lastKnownFileType = sourcecode.c.objc; name = Sec0202BNRContainer.m; path = Sec0202/Sec0202BNRContainer.m; sourceTree = "<group>"; };
		F6A2CC111BBAC64200D04DC2 /* MainSec21.storyboard */ = {isa = PBXFileReference; fileEncoding = 4; lastKnownFileType = file.storyboard; name = MainSec21.storyboard; path = Sec2101/MainSec21.storyboard; sourceTree = "<group>"; };
		F6A2CC131BBAC6F700D04DC2 /* Sec2101BNRCoursesViewController.h */ = {isa = PBXFileReference; fileEncoding = 4; lastKnownFileType = sourcecode.c.h; name = Sec2101BNRCoursesViewController.h; path = Sec2101/Sec2101BNRCoursesViewController.h; sourceTree = "<group>"; };
		F6A2CC141BBAC6F700D04DC2 /* Sec2101BNRCoursesViewController.m */ = {isa = PBXFileReference; fileEncoding = 4; lastKnownFileType = sourcecode.c.objc; name = Sec2101BNRCoursesViewController.m; path = Sec2101/Sec2101BNRCoursesViewController.m; sourceTree = "<group>"; };
		F6A96C261B92D12B00E5DBD4 /* Sec0201BNRItem.h */ = {isa = PBXFileReference; fileEncoding = 4; lastKnownFileType = sourcecode.c.h; name = Sec0201BNRItem.h; path = Sec0201/Sec0201BNRItem.h; sourceTree = "<group>"; };
		F6A96C271B92D12B00E5DBD4 /* Sec0201BNRItem.m */ = {isa = PBXFileReference; fileEncoding = 4; lastKnownFileType = sourcecode.c.objc; name = Sec0201BNRItem.m; path = Sec0201/Sec0201BNRItem.m; sourceTree = "<group>"; };
		F6ADCCB11B98765C0078FDB2 /* Sec0801BNRItemsViewController.h */ = {isa = PBXFileReference; fileEncoding = 4; lastKnownFileType = sourcecode.c.h; name = Sec0801BNRItemsViewController.h; path = Sec0801/Sec0801BNRItemsViewController.h; sourceTree = "<group>"; };
		F6ADCCB21B98765C0078FDB2 /* Sec0801BNRItemsViewController.m */ = {isa = PBXFileReference; fileEncoding = 4; lastKnownFileType = sourcecode.c.objc; name = Sec0801BNRItemsViewController.m; path = Sec0801/Sec0801BNRItemsViewController.m; sourceTree = "<group>"; };
		F6ADCCB41B9876C30078FDB2 /* Sec0801BNRItem.h */ = {isa = PBXFileReference; fileEncoding = 4; lastKnownFileType = sourcecode.c.h; name = Sec0801BNRItem.h; path = Sec0801/Sec0801BNRItem.h; sourceTree = "<group>"; };
		F6ADCCB51B9876C30078FDB2 /* Sec0801BNRItem.m */ = {isa = PBXFileReference; fileEncoding = 4; lastKnownFileType = sourcecode.c.objc; name = Sec0801BNRItem.m; path = Sec0801/Sec0801BNRItem.m; sourceTree = "<group>"; };
		F6ADCCB71B9877260078FDB2 /* Sec0801BNRItemStore.h */ = {isa = PBXFileReference; fileEncoding = 4; lastKnownFileType = sourcecode.c.h; name = Sec0801BNRItemStore.h; path = Sec0801/Sec0801BNRItemStore.h; sourceTree = "<group>"; };
		F6ADCCB81B9877260078FDB2 /* Sec0801BNRItemStore.m */ = {isa = PBXFileReference; fileEncoding = 4; lastKnownFileType = sourcecode.c.objc; name = Sec0801BNRItemStore.m; path = Sec0801/Sec0801BNRItemStore.m; sourceTree = "<group>"; };
		F6ADCCBB1B98863E0078FDB2 /* Sec0802BNRItem.h */ = {isa = PBXFileReference; fileEncoding = 4; lastKnownFileType = sourcecode.c.h; name = Sec0802BNRItem.h; path = Sec0802/Sec0802BNRItem.h; sourceTree = "<group>"; };
		F6ADCCBC1B98863E0078FDB2 /* Sec0802BNRItem.m */ = {isa = PBXFileReference; fileEncoding = 4; lastKnownFileType = sourcecode.c.objc; name = Sec0802BNRItem.m; path = Sec0802/Sec0802BNRItem.m; sourceTree = "<group>"; };
		F6ADCCBE1B9886790078FDB2 /* Sec0802BNRItemStore.h */ = {isa = PBXFileReference; fileEncoding = 4; lastKnownFileType = sourcecode.c.h; name = Sec0802BNRItemStore.h; path = Sec0802/Sec0802BNRItemStore.h; sourceTree = "<group>"; };
		F6ADCCBF1B9886790078FDB2 /* Sec0802BNRItemStore.m */ = {isa = PBXFileReference; fileEncoding = 4; lastKnownFileType = sourcecode.c.objc; name = Sec0802BNRItemStore.m; path = Sec0802/Sec0802BNRItemStore.m; sourceTree = "<group>"; };
		F6ADCCC11B98874E0078FDB2 /* Sec0802BNRItemViewController.h */ = {isa = PBXFileReference; fileEncoding = 4; lastKnownFileType = sourcecode.c.h; name = Sec0802BNRItemViewController.h; path = Sec0802/Sec0802BNRItemViewController.h; sourceTree = "<group>"; };
		F6ADCCC21B98874E0078FDB2 /* Sec0802BNRItemViewController.m */ = {isa = PBXFileReference; fileEncoding = 4; lastKnownFileType = sourcecode.c.objc; name = Sec0802BNRItemViewController.m; path = Sec0802/Sec0802BNRItemViewController.m; sourceTree = "<group>"; };
		F6ADCCC41B988FA10078FDB2 /* 背景.png */ = {isa = PBXFileReference; lastKnownFileType = image.png; name = "背景.png"; path = "Sec0802/背景.png"; sourceTree = "<group>"; };
		F6ADCCC71B98949F0078FDB2 /* Sec0901BNRItemsViewController.h */ = {isa = PBXFileReference; fileEncoding = 4; lastKnownFileType = sourcecode.c.h; name = Sec0901BNRItemsViewController.h; path = Sec0901/Sec0901BNRItemsViewController.h; sourceTree = "<group>"; };
		F6ADCCC81B98949F0078FDB2 /* Sec0901BNRItemsViewController.m */ = {isa = PBXFileReference; fileEncoding = 4; lastKnownFileType = sourcecode.c.objc; name = Sec0901BNRItemsViewController.m; path = Sec0901/Sec0901BNRItemsViewController.m; sourceTree = "<group>"; };
		F6ADCCCA1B98951B0078FDB2 /* Sec0901BNRItem.h */ = {isa = PBXFileReference; fileEncoding = 4; lastKnownFileType = sourcecode.c.h; name = Sec0901BNRItem.h; path = Sec0901/Sec0901BNRItem.h; sourceTree = "<group>"; };
		F6ADCCCB1B98951B0078FDB2 /* Sec0901BNRItem.m */ = {isa = PBXFileReference; fileEncoding = 4; lastKnownFileType = sourcecode.c.objc; name = Sec0901BNRItem.m; path = Sec0901/Sec0901BNRItem.m; sourceTree = "<group>"; };
		F6ADCCCD1B98952E0078FDB2 /* Sec0901BNRItemStore.h */ = {isa = PBXFileReference; fileEncoding = 4; lastKnownFileType = sourcecode.c.h; name = Sec0901BNRItemStore.h; path = Sec0901/Sec0901BNRItemStore.h; sourceTree = "<group>"; };
		F6ADCCCE1B98952E0078FDB2 /* Sec0901BNRItemStore.m */ = {isa = PBXFileReference; fileEncoding = 4; lastKnownFileType = sourcecode.c.objc; name = Sec0901BNRItemStore.m; path = Sec0901/Sec0901BNRItemStore.m; sourceTree = "<group>"; };
		F6B473511B8DA3230045E578 /* iOSProgramming.app */ = {isa = PBXFileReference; explicitFileType = wrapper.application; includeInIndex = 0; path = iOSProgramming.app; sourceTree = BUILT_PRODUCTS_DIR; };
		F6B473551B8DA3230045E578 /* Info.plist */ = {isa = PBXFileReference; lastKnownFileType = text.plist.xml; path = Info.plist; sourceTree = "<group>"; };
		F6B473561B8DA3230045E578 /* main.m */ = {isa = PBXFileReference; lastKnownFileType = sourcecode.c.objc; path = main.m; sourceTree = "<group>"; };
		F6B473581B8DA3230045E578 /* AppDelegate.h */ = {isa = PBXFileReference; lastKnownFileType = sourcecode.c.h; path = AppDelegate.h; sourceTree = "<group>"; };
		F6B473591B8DA3230045E578 /* AppDelegate.m */ = {isa = PBXFileReference; lastKnownFileType = sourcecode.c.objc; path = AppDelegate.m; sourceTree = "<group>"; };
		F6B4735F1B8DA3230045E578 /* Base */ = {isa = PBXFileReference; lastKnownFileType = file.storyboard; name = Base; path = Base.lproj/Main.storyboard; sourceTree = "<group>"; };
		F6B473611B8DA3230045E578 /* Images.xcassets */ = {isa = PBXFileReference; lastKnownFileType = folder.assetcatalog; path = Images.xcassets; sourceTree = "<group>"; };
		F6B473641B8DA3230045E578 /* Base */ = {isa = PBXFileReference; lastKnownFileType = file.xib; name = Base; path = Base.lproj/LaunchScreen.xib; sourceTree = "<group>"; };
		F6B4736A1B8DA3230045E578 /* iOSProgrammingTests.xctest */ = {isa = PBXFileReference; explicitFileType = wrapper.cfbundle; includeInIndex = 0; path = iOSProgrammingTests.xctest; sourceTree = BUILT_PRODUCTS_DIR; };
		F6B4736F1B8DA3230045E578 /* Info.plist */ = {isa = PBXFileReference; lastKnownFileType = text.plist.xml; path = Info.plist; sourceTree = "<group>"; };
		F6B473701B8DA3230045E578 /* iOSProgrammingTests.m */ = {isa = PBXFileReference; lastKnownFileType = sourcecode.c.objc; path = iOSProgrammingTests.m; sourceTree = "<group>"; };
		F6B4737A1B8DA6460045E578 /* RootNavigationController.h */ = {isa = PBXFileReference; fileEncoding = 4; lastKnownFileType = sourcecode.c.h; path = RootNavigationController.h; sourceTree = "<group>"; };
		F6B4737B1B8DA6460045E578 /* RootNavigationController.m */ = {isa = PBXFileReference; fileEncoding = 4; lastKnownFileType = sourcecode.c.objc; path = RootNavigationController.m; sourceTree = "<group>"; };
		F6B4737D1B8DA7100045E578 /* RootTableViewController.h */ = {isa = PBXFileReference; fileEncoding = 4; lastKnownFileType = sourcecode.c.h; path = RootTableViewController.h; sourceTree = "<group>"; };
		F6B4737E1B8DA7100045E578 /* RootTableViewController.m */ = {isa = PBXFileReference; fileEncoding = 4; lastKnownFileType = sourcecode.c.objc; path = RootTableViewController.m; sourceTree = "<group>"; };
		F6B473881B8DC1590045E578 /* SecEndViewController.h */ = {isa = PBXFileReference; fileEncoding = 4; lastKnownFileType = sourcecode.c.h; path = SecEndViewController.h; sourceTree = "<group>"; };
		F6B473891B8DC1590045E578 /* SecEndViewController.m */ = {isa = PBXFileReference; fileEncoding = 4; lastKnownFileType = sourcecode.c.objc; path = SecEndViewController.m; sourceTree = "<group>"; };
		F6CCACDF1BB63050005EA153 /* Sec1901BNRItemCell.h */ = {isa = PBXFileReference; fileEncoding = 4; lastKnownFileType = sourcecode.c.h; name = Sec1901BNRItemCell.h; path = Sec1901/Sec1901BNRItemCell.h; sourceTree = "<group>"; };
		F6CCACE01BB63050005EA153 /* Sec1901BNRItemCell.m */ = {isa = PBXFileReference; fileEncoding = 4; lastKnownFileType = sourcecode.c.objc; name = Sec1901BNRItemCell.m; path = Sec1901/Sec1901BNRItemCell.m; sourceTree = "<group>"; };
		F6CCACE21BB630F9005EA153 /* Sec19BNRItemCell.xib */ = {isa = PBXFileReference; fileEncoding = 4; lastKnownFileType = file.xib; name = Sec19BNRItemCell.xib; path = Sec1901/Sec19BNRItemCell.xib; sourceTree = "<group>"; };
		F6CCACE61BB63C33005EA153 /* Sec1901BNRItem.h */ = {isa = PBXFileReference; fileEncoding = 4; lastKnownFileType = sourcecode.c.h; name = Sec1901BNRItem.h; path = Sec1901/Sec1901BNRItem.h; sourceTree = "<group>"; };
		F6CCACE71BB63C33005EA153 /* Sec1901BNRItem.m */ = {isa = PBXFileReference; fileEncoding = 4; lastKnownFileType = sourcecode.c.objc; name = Sec1901BNRItem.m; path = Sec1901/Sec1901BNRItem.m; sourceTree = "<group>"; };
		F6CCACE91BB63C89005EA153 /* Sec1901BNRItemStore.h */ = {isa = PBXFileReference; fileEncoding = 4; lastKnownFileType = sourcecode.c.h; name = Sec1901BNRItemStore.h; path = Sec1901/Sec1901BNRItemStore.h; sourceTree = "<group>"; };
		F6CCACEA1BB63C89005EA153 /* Sec1901BNRItemStore.m */ = {isa = PBXFileReference; fileEncoding = 4; lastKnownFileType = sourcecode.c.objc; name = Sec1901BNRItemStore.m; path = Sec1901/Sec1901BNRItemStore.m; sourceTree = "<group>"; };
		F6CCACEC1BB63D32005EA153 /* Sec1901BNRImageStore.h */ = {isa = PBXFileReference; fileEncoding = 4; lastKnownFileType = sourcecode.c.h; name = Sec1901BNRImageStore.h; path = Sec1901/Sec1901BNRImageStore.h; sourceTree = "<group>"; };
		F6CCACED1BB63D32005EA153 /* Sec1901BNRImageStore.m */ = {isa = PBXFileReference; fileEncoding = 4; lastKnownFileType = sourcecode.c.objc; name = Sec1901BNRImageStore.m; path = Sec1901/Sec1901BNRImageStore.m; sourceTree = "<group>"; };
		F6CCACF21BB63EEB005EA153 /* Sec1901BNRItemsViewController.h */ = {isa = PBXFileReference; fileEncoding = 4; lastKnownFileType = sourcecode.c.h; name = Sec1901BNRItemsViewController.h; path = Sec1901/Sec1901BNRItemsViewController.h; sourceTree = "<group>"; };
		F6CCACF31BB63EEB005EA153 /* Sec1901BNRItemsViewController.m */ = {isa = PBXFileReference; fileEncoding = 4; lastKnownFileType = sourcecode.c.objc; name = Sec1901BNRItemsViewController.m; path = Sec1901/Sec1901BNRItemsViewController.m; sourceTree = "<group>"; };
		F6CCACF51BB6449E005EA153 /* Sec1901BNRDetailViewController.h */ = {isa = PBXFileReference; fileEncoding = 4; lastKnownFileType = sourcecode.c.h; name = Sec1901BNRDetailViewController.h; path = Sec1901/Sec1901BNRDetailViewController.h; sourceTree = "<group>"; };
		F6CCACF61BB6449E005EA153 /* Sec1901BNRDetailViewController.m */ = {isa = PBXFileReference; fileEncoding = 4; lastKnownFileType = sourcecode.c.objc; name = Sec1901BNRDetailViewController.m; path = Sec1901/Sec1901BNRDetailViewController.m; sourceTree = "<group>"; };
		F6CCACF81BB6FBFB005EA153 /* Sec1901BNRImageViewController.h */ = {isa = PBXFileReference; fileEncoding = 4; lastKnownFileType = sourcecode.c.h; name = Sec1901BNRImageViewController.h; path = Sec1901/Sec1901BNRImageViewController.h; sourceTree = "<group>"; };
		F6CCACF91BB6FBFB005EA153 /* Sec1901BNRImageViewController.m */ = {isa = PBXFileReference; fileEncoding = 4; lastKnownFileType = sourcecode.c.objc; name = Sec1901BNRImageViewController.m; path = Sec1901/Sec1901BNRImageViewController.m; sourceTree = "<group>"; };
		F6DAF4181B9F2A43008E3307 /* Sec1301BNRLine.h */ = {isa = PBXFileReference; fileEncoding = 4; lastKnownFileType = sourcecode.c.h; name = Sec1301BNRLine.h; path = Sec1301/Sec1301BNRLine.h; sourceTree = "<group>"; };
		F6DAF4191B9F2A43008E3307 /* Sec1301BNRLine.m */ = {isa = PBXFileReference; fileEncoding = 4; lastKnownFileType = sourcecode.c.objc; name = Sec1301BNRLine.m; path = Sec1301/Sec1301BNRLine.m; sourceTree = "<group>"; };
		F6DAF41B1B9F2C25008E3307 /* Sec1301BNRDrawView.h */ = {isa = PBXFileReference; fileEncoding = 4; lastKnownFileType = sourcecode.c.h; name = Sec1301BNRDrawView.h; path = Sec1301/Sec1301BNRDrawView.h; sourceTree = "<group>"; };
		F6DAF41C1B9F2C25008E3307 /* Sec1301BNRDrawView.m */ = {isa = PBXFileReference; fileEncoding = 4; lastKnownFileType = sourcecode.c.objc; name = Sec1301BNRDrawView.m; path = Sec1301/Sec1301BNRDrawView.m; sourceTree = "<group>"; };
		F6DAF41E1B9F3173008E3307 /* Sec1301ViewController.h */ = {isa = PBXFileReference; fileEncoding = 4; lastKnownFileType = sourcecode.c.h; name = Sec1301ViewController.h; path = Sec1301/Sec1301ViewController.h; sourceTree = "<group>"; };
		F6DAF41F1B9F3173008E3307 /* Sec1301ViewController.m */ = {isa = PBXFileReference; fileEncoding = 4; lastKnownFileType = sourcecode.c.objc; name = Sec1301ViewController.m; path = Sec1301/Sec1301ViewController.m; sourceTree = "<group>"; };
		F6F0D8341B930ACB00E0B5E4 /* Sec0202BNRContainerViewController.h */ = {isa = PBXFileReference; fileEncoding = 4; lastKnownFileType = sourcecode.c.h; name = Sec0202BNRContainerViewController.h; path = Sec0202/Sec0202BNRContainerViewController.h; sourceTree = "<group>"; };
		F6F0D8351B930ACB00E0B5E4 /* Sec0202BNRContainerViewController.m */ = {isa = PBXFileReference; fileEncoding = 4; lastKnownFileType = sourcecode.c.objc; name = Sec0202BNRContainerViewController.m; path = Sec0202/Sec0202BNRContainerViewController.m; sourceTree = "<group>"; };
		F6F0D8381B93578400E0B5E4 /* Sec0401BNRHypnosisViewController.h */ = {isa = PBXFileReference; fileEncoding = 4; lastKnownFileType = sourcecode.c.h; name = Sec0401BNRHypnosisViewController.h; path = Sec0401/Sec0401BNRHypnosisViewController.h; sourceTree = "<group>"; };
		F6F0D8391B93578400E0B5E4 /* Sec0401BNRHypnosisViewController.m */ = {isa = PBXFileReference; fileEncoding = 4; lastKnownFileType = sourcecode.c.objc; name = Sec0401BNRHypnosisViewController.m; path = Sec0401/Sec0401BNRHypnosisViewController.m; sourceTree = "<group>"; };
		F6F0D83D1B93581F00E0B5E4 /* Sec0401BNRHypnosisView.h */ = {isa = PBXFileReference; fileEncoding = 4; lastKnownFileType = sourcecode.c.h; name = Sec0401BNRHypnosisView.h; path = Sec0401/Sec0401BNRHypnosisView.h; sourceTree = "<group>"; };
		F6F0D83E1B93581F00E0B5E4 /* Sec0401BNRHypnosisView.m */ = {isa = PBXFileReference; fileEncoding = 4; lastKnownFileType = sourcecode.c.objc; name = Sec0401BNRHypnosisView.m; path = Sec0401/Sec0401BNRHypnosisView.m; sourceTree = "<group>"; };
		F6F0D8401B93600600E0B5E4 /* Sec0401BNRHypnosisInfoViewController.h */ = {isa = PBXFileReference; fileEncoding = 4; lastKnownFileType = sourcecode.c.h; name = Sec0401BNRHypnosisInfoViewController.h; path = Sec0401/Sec0401BNRHypnosisInfoViewController.h; sourceTree = "<group>"; };
		F6F0D8411B93600600E0B5E4 /* Sec0401BNRHypnosisInfoViewController.m */ = {isa = PBXFileReference; fileEncoding = 4; lastKnownFileType = sourcecode.c.objc; name = Sec0401BNRHypnosisInfoViewController.m; path = Sec0401/Sec0401BNRHypnosisInfoViewController.m; sourceTree = "<group>"; };
		F6FD8E1B1BBA189000D1CD1D /* MainSec19.storyboard */ = {isa = PBXFileReference; fileEncoding = 4; lastKnownFileType = file.storyboard; path = MainSec19.storyboard; sourceTree = "<group>"; };
/* End PBXFileReference section */

/* Begin PBXFrameworksBuildPhase section */
		F6B4734E1B8DA3230045E578 /* Frameworks */ = {
			isa = PBXFrameworksBuildPhase;
			buildActionMask = 2147483647;
			files = (
			);
			runOnlyForDeploymentPostprocessing = 0;
		};
		F6B473671B8DA3230045E578 /* Frameworks */ = {
			isa = PBXFrameworksBuildPhase;
			buildActionMask = 2147483647;
			files = (
			);
			runOnlyForDeploymentPostprocessing = 0;
		};
/* End PBXFrameworksBuildPhase section */

/* Begin PBXGroup section */
		F614CE321B97487200BE9022 /* Sec0601 */ = {
			isa = PBXGroup;
			children = (
				F614CE441B9750E200BE9022 /* Hypno.png */,
				F614CE451B9750E200BE9022 /* Hypno@2x.png */,
				F614CE461B9750E200BE9022 /* Time.png */,
				F614CE471B9750E200BE9022 /* Time@2x.png */,
				F614CE331B9748EC00BE9022 /* Sec0601BNRHypnosisViewController.h */,
				F614CE341B9748EC00BE9022 /* Sec0601BNRHypnosisViewController.m */,
				F614CE361B97492300BE9022 /* Sec0601BNRHypnosisView.h */,
				F614CE371B97492300BE9022 /* Sec0601BNRHypnosisView.m */,
				F614CE391B974AE600BE9022 /* Sec0601BNRReminderViewController.h */,
				F614CE3A1B974AE600BE9022 /* Sec0601BNRReminderViewController.m */,
			);
			name = Sec0601;
			sourceTree = "<group>";
		};
		F6271E6B1B99A79200FB96FC /* Sec1101 */ = {
			isa = PBXGroup;
			children = (
				F6271E6C1B99A8CB00FB96FC /* Sec1101BNRItem.h */,
				F6271E6D1B99A8CB00FB96FC /* Sec1101BNRItem.m */,
				F6271E6F1B99A8F800FB96FC /* Sec1101BNRItemStore.h */,
				F6271E701B99A8F800FB96FC /* Sec1101BNRItemStore.m */,
				F6271E721B99A98D00FB96FC /* Sec1101BNRItemsViewController.h */,
				F6271E731B99A98D00FB96FC /* Sec1101BNRItemsViewController.m */,
				F6271E751B99AE5600FB96FC /* Sec1101BNRDetailViewController.h */,
				F6271E761B99AE5600FB96FC /* Sec1101BNRDetailViewController.m */,
				F6271E781B99C1C100FB96FC /* Sec1101BNRImageStore.h */,
				F6271E791B99C1C100FB96FC /* Sec1101BNRImageStore.m */,
				F6271E7B1B99D25900FB96FC /* Sec1101CameraOverlayView.h */,
				F6271E7C1B99D25900FB96FC /* Sec1101CameraOverlayView.m */,
			);
			name = Sec1101;
			sourceTree = "<group>";
		};
		F681ECF81B982396006D2C8B /* Sec0602 */ = {
			isa = PBXGroup;
			children = (
				F681ECFB1B982B95006D2C8B /* Quiz.png */,
				F681ECF91B982B8C006D2C8B /* Quiz@2x.png */,
				F681ECFD1B982BDE006D2C8B /* Sec0602BNRQuizViewController.h */,
				F681ECFE1B982BDE006D2C8B /* Sec0602BNRQuizViewController.m */,
				F681ED001B9830DC006D2C8B /* Sec0602BNRHypnosisView.h */,
				F681ED011B9830DC006D2C8B /* Sec0602BNRHypnosisView.m */,
			);
			name = Sec0602;
			sourceTree = "<group>";
		};
		F681ED031B985E1C006D2C8B /* Sec0701 */ = {
			isa = PBXGroup;
			children = (
				F681ED041B985E80006D2C8B /* Sec0701HypnosisView.h */,
				F681ED051B985E80006D2C8B /* Sec0701HypnosisView.m */,
				F681ED071B985EE5006D2C8B /* Sec0701HypnosisViewController.h */,
				F681ED081B985EE5006D2C8B /* Sec0701HypnosisViewController.m */,
			);
			name = Sec0701;
			sourceTree = "<group>";
		};
		F681ED0A1B986DBD006D2C8B /* Sec0702 */ = {
			isa = PBXGroup;
			children = (
				F681ED0B1B986EBD006D2C8B /* Sec0702ViewController.h */,
				F681ED0C1B986EBD006D2C8B /* Sec0702ViewController.m */,
				F681ED0E1B986ED5006D2C8B /* Sec0702BNRHypnosisView.h */,
				F681ED0F1B986ED5006D2C8B /* Sec0702BNRHypnosisView.m */,
			);
			name = Sec0702;
			sourceTree = "<group>";
		};
		F6865DB01B9466A600D1E76C /* Sec0402 */ = {
			isa = PBXGroup;
			children = (
				F6865DB61B946B7800D1E76C /* 苹果.png */,
				F6865DB11B94690700D1E76C /* Sec0402BNRHypnosisView.h */,
				F6865DB21B94690700D1E76C /* Sec0402BNRHypnosisView.m */,
				F6865DB81B949D4C00D1E76C /* Sec0402BNRHypnosisViewController.h */,
				F6865DB91B949D4C00D1E76C /* Sec0402BNRHypnosisViewController.m */,
				F6865DBE1B949DB000D1E76C /* Sec0402BNRHypnosisInfoViewController.h */,
				F6865DBF1B949DB000D1E76C /* Sec0402BNRHypnosisInfoViewController.m */,
			);
			name = Sec0402;
			sourceTree = "<group>";
		};
		F68DD0201B9C7DAF00708B78 /* Sec1201 */ = {
			isa = PBXGroup;
			children = (
				F68DD0211B9C7E7200708B78 /* Sec1201BNRLine.h */,
				F68DD0221B9C7E7200708B78 /* Sec1201BNRLine.m */,
				F68DD0241B9C7FBC00708B78 /* Sec1201BNRDrawView.h */,
				F68DD0251B9C7FBC00708B78 /* Sec1201BNRDrawView.m */,
				F68DD0271B9C86E200708B78 /* Sec1201BNRDrawViewController.h */,
				F68DD0281B9C86E200708B78 /* Sec1201BNRDrawViewController.m */,
			);
			name = Sec1201;
			sourceTree = "<group>";
		};
		F693A67B1B9945B6003B859D /* Sec1001 */ = {
			isa = PBXGroup;
			children = (
				F693A67C1B994E55003B859D /* Sec1001BNRItem.h */,
				F693A67D1B994E55003B859D /* Sec1001BNRItem.m */,
				F693A67F1B994E8A003B859D /* Sec1001BNRItemStore.h */,
				F693A6801B994E8A003B859D /* Sec1001BNRItemStore.m */,
				F693A6821B99501A003B859D /* Sec1001BNRItemsViewController.h */,
				F693A6831B99501A003B859D /* Sec1001BNRItemsViewController.m */,
				F693A6851B995B7D003B859D /* Sec1001BNRDetailViewController.h */,
				F693A6861B995B7D003B859D /* Sec1001BNRDetailViewController.m */,
				F6271E681B99801F00FB96FC /* Sec1001BNRItemDatePickerViewController.h */,
				F6271E691B99801F00FB96FC /* Sec1001BNRItemDatePickerViewController.m */,
			);
			name = Sec1001;
			sourceTree = "<group>";
		};
		F69A167F1B95F65000B7FFC8 /* Sec0501 */ = {
			isa = PBXGroup;
			children = (
				F69A16801B95F78E00B7FFC8 /* Sec0501BNRHypnosisView.h */,
				F69A16811B95F78E00B7FFC8 /* Sec0501BNRHypnosisView.m */,
			);
			name = Sec0501;
			sourceTree = "<group>";
		};
		F69A16831B95FCBA00B7FFC8 /* Sec0502 */ = {
			isa = PBXGroup;
			children = (
				F69A16841B95FD3200B7FFC8 /* Sec0502ViewController.h */,
				F69A16851B95FD3200B7FFC8 /* Sec0502ViewController.m */,
				F69A16871B95FDE500B7FFC8 /* Sec0502BNRHypnosisView.h */,
				F69A16881B95FDE500B7FFC8 /* Sec0502BNRHypnosisView.m */,
			);
			name = Sec0502;
			sourceTree = "<group>";
		};
		F69A168A1B96027F00B7FFC8 /* Sec0503 */ = {
			isa = PBXGroup;
			children = (
				F69A168B1B9602C900B7FFC8 /* Sec0503BNRHypnosisView.h */,
				F69A168C1B9602C900B7FFC8 /* Sec0503BNRHypnosisView.m */,
				F69A168E1B9602E500B7FFC8 /* Sec0503ViewController.h */,
				F69A168F1B9602E500B7FFC8 /* Sec0503ViewController.m */,
			);
			name = Sec0503;
			sourceTree = "<group>";
		};
		F69F80371B92F67A00F06826 /* Sec0202 */ = {
			isa = PBXGroup;
			children = (
				F69F80381B92F6B600F06826 /* Sec0202BNRItem.h */,
				F69F80391B92F6B600F06826 /* Sec0202BNRItem.m */,
				F69F803B1B92FFC400F06826 /* Sec0202BNRContainer.h */,
				F69F803C1B92FFC400F06826 /* Sec0202BNRContainer.m */,
				F6F0D8341B930ACB00E0B5E4 /* Sec0202BNRContainerViewController.h */,
				F6F0D8351B930ACB00E0B5E4 /* Sec0202BNRContainerViewController.m */,
			);
			name = Sec0202;
			sourceTree = "<group>";
		};
		F6A2CC101BBAC5DA00D04DC2 /* Sec2101 */ = {
			isa = PBXGroup;
			children = (
				F6A2CC111BBAC64200D04DC2 /* MainSec21.storyboard */,
				F6A2CC131BBAC6F700D04DC2 /* Sec2101BNRCoursesViewController.h */,
				F6A2CC141BBAC6F700D04DC2 /* Sec2101BNRCoursesViewController.m */,
			);
			name = Sec2101;
			sourceTree = "<group>";
		};
		F6A96C221B92CE9A00E5DBD4 /* Sec0201 */ = {
			isa = PBXGroup;
			children = (
				F69F802E1B92F5A600F06826 /* Sec0201BNRItemViewController.h */,
				F69F802F1B92F5A600F06826 /* Sec0201BNRItemViewController.m */,
				F6A96C261B92D12B00E5DBD4 /* Sec0201BNRItem.h */,
				F6A96C271B92D12B00E5DBD4 /* Sec0201BNRItem.m */,
			);
			name = Sec0201;
			sourceTree = "<group>";
		};
		F6ADCCB01B9876110078FDB2 /* Sec0801 */ = {
			isa = PBXGroup;
			children = (
				F6ADCCB11B98765C0078FDB2 /* Sec0801BNRItemsViewController.h */,
				F6ADCCB21B98765C0078FDB2 /* Sec0801BNRItemsViewController.m */,
				F6ADCCB41B9876C30078FDB2 /* Sec0801BNRItem.h */,
				F6ADCCB51B9876C30078FDB2 /* Sec0801BNRItem.m */,
				F6ADCCB71B9877260078FDB2 /* Sec0801BNRItemStore.h */,
				F6ADCCB81B9877260078FDB2 /* Sec0801BNRItemStore.m */,
			);
			name = Sec0801;
			sourceTree = "<group>";
		};
		F6ADCCBA1B98832C0078FDB2 /* Sec0802 */ = {
			isa = PBXGroup;
			children = (
				F6ADCCC41B988FA10078FDB2 /* 背景.png */,
				F6ADCCBB1B98863E0078FDB2 /* Sec0802BNRItem.h */,
				F6ADCCBC1B98863E0078FDB2 /* Sec0802BNRItem.m */,
				F6ADCCBE1B9886790078FDB2 /* Sec0802BNRItemStore.h */,
				F6ADCCBF1B9886790078FDB2 /* Sec0802BNRItemStore.m */,
				F6ADCCC11B98874E0078FDB2 /* Sec0802BNRItemViewController.h */,
				F6ADCCC21B98874E0078FDB2 /* Sec0802BNRItemViewController.m */,
			);
			name = Sec0802;
			sourceTree = "<group>";
		};
		F6ADCCC61B9892A20078FDB2 /* Sec0901 */ = {
			isa = PBXGroup;
			children = (
				F6ADCCC71B98949F0078FDB2 /* Sec0901BNRItemsViewController.h */,
				F6ADCCC81B98949F0078FDB2 /* Sec0901BNRItemsViewController.m */,
				F6ADCCCA1B98951B0078FDB2 /* Sec0901BNRItem.h */,
				F6ADCCCB1B98951B0078FDB2 /* Sec0901BNRItem.m */,
				F6ADCCCD1B98952E0078FDB2 /* Sec0901BNRItemStore.h */,
				F6ADCCCE1B98952E0078FDB2 /* Sec0901BNRItemStore.m */,
			);
			name = Sec0901;
			sourceTree = "<group>";
		};
		F6B473481B8DA3230045E578 = {
			isa = PBXGroup;
			children = (
				F6B473531B8DA3230045E578 /* iOSProgramming */,
				F6B4736D1B8DA3230045E578 /* iOSProgrammingTests */,
				F6B473521B8DA3230045E578 /* Products */,
			);
			sourceTree = "<group>";
		};
		F6B473521B8DA3230045E578 /* Products */ = {
			isa = PBXGroup;
			children = (
				F6B473511B8DA3230045E578 /* iOSProgramming.app */,
				F6B4736A1B8DA3230045E578 /* iOSProgrammingTests.xctest */,
			);
			name = Products;
			sourceTree = "<group>";
		};
		F6B473531B8DA3230045E578 /* iOSProgramming */ = {
			isa = PBXGroup;
			children = (
				F6A2CC101BBAC5DA00D04DC2 /* Sec2101 */,
				F6CCACDE1BB63024005EA153 /* Sec1901 */,
				F6DAF4171B9F296C008E3307 /* Sec1301 */,
				F68DD0201B9C7DAF00708B78 /* Sec1201 */,
				F6271E6B1B99A79200FB96FC /* Sec1101 */,
				F693A67B1B9945B6003B859D /* Sec1001 */,
				F6ADCCC61B9892A20078FDB2 /* Sec0901 */,
				F6ADCCBA1B98832C0078FDB2 /* Sec0802 */,
				F6ADCCB01B9876110078FDB2 /* Sec0801 */,
				F681ED0A1B986DBD006D2C8B /* Sec0702 */,
				F681ED031B985E1C006D2C8B /* Sec0701 */,
				F681ECF81B982396006D2C8B /* Sec0602 */,
				F614CE321B97487200BE9022 /* Sec0601 */,
				F69A168A1B96027F00B7FFC8 /* Sec0503 */,
				F69A16831B95FCBA00B7FFC8 /* Sec0502 */,
				F69A167F1B95F65000B7FFC8 /* Sec0501 */,
				F6865DB01B9466A600D1E76C /* Sec0402 */,
				F6F0D8371B9356FD00E0B5E4 /* Sec0401 */,
				F69F80371B92F67A00F06826 /* Sec0202 */,
				F6A96C221B92CE9A00E5DBD4 /* Sec0201 */,
				F6B473871B8DC06E0045E578 /* SecEnd */,
				F6B473801B8DA9210045E578 /* Sec0101 */,
				F6B473581B8DA3230045E578 /* AppDelegate.h */,
				F6B473591B8DA3230045E578 /* AppDelegate.m */,
				F6B4735E1B8DA3230045E578 /* Main.storyboard */,
				F6FD8E1B1BBA189000D1CD1D /* MainSec19.storyboard */,
				F6B473611B8DA3230045E578 /* Images.xcassets */,
				F6B473631B8DA3230045E578 /* LaunchScreen.xib */,
				F6B473541B8DA3230045E578 /* Supporting Files */,
				F6B4737A1B8DA6460045E578 /* RootNavigationController.h */,
				F6B4737B1B8DA6460045E578 /* RootNavigationController.m */,
				F6B4737D1B8DA7100045E578 /* RootTableViewController.h */,
				F6B4737E1B8DA7100045E578 /* RootTableViewController.m */,
				F6865DC11B94A02E00D1E76C /* InformationViewController.h */,
				F6865DC21B94A02E00D1E76C /* InformationViewController.m */,
			);
			path = iOSProgramming;
			sourceTree = "<group>";
		};
		F6B473541B8DA3230045E578 /* Supporting Files */ = {
			isa = PBXGroup;
			children = (
				F6B473551B8DA3230045E578 /* Info.plist */,
				F6B473561B8DA3230045E578 /* main.m */,
			);
			name = "Supporting Files";
			sourceTree = "<group>";
		};
		F6B4736D1B8DA3230045E578 /* iOSProgrammingTests */ = {
			isa = PBXGroup;
			children = (
				F6B473701B8DA3230045E578 /* iOSProgrammingTests.m */,
				F6B4736E1B8DA3230045E578 /* Supporting Files */,
			);
			path = iOSProgrammingTests;
			sourceTree = "<group>";
		};
		F6B4736E1B8DA3230045E578 /* Supporting Files */ = {
			isa = PBXGroup;
			children = (
				F6B4736F1B8DA3230045E578 /* Info.plist */,
			);
			name = "Supporting Files";
			sourceTree = "<group>";
		};
		F6B473801B8DA9210045E578 /* Sec0101 */ = {
			isa = PBXGroup;
			children = (
				F69F80311B92F5D800F06826 /* Sec0101BNRQuizViewController.h */,
				F69F80321B92F5D800F06826 /* Sec0101BNRQuizViewController.m */,
				F69F80331B92F5D800F06826 /* Sec0101InformationViewController.h */,
				F69F80341B92F5D800F06826 /* Sec0101InformationViewController.m */,
			);
			name = Sec0101;
			sourceTree = "<group>";
		};
		F6B473871B8DC06E0045E578 /* SecEnd */ = {
			isa = PBXGroup;
			children = (
				F6B473881B8DC1590045E578 /* SecEndViewController.h */,
				F6B473891B8DC1590045E578 /* SecEndViewController.m */,
			);
			name = SecEnd;
			sourceTree = "<group>";
		};
		F6CCACDE1BB63024005EA153 /* Sec1901 */ = {
			isa = PBXGroup;
			children = (
				F6CCACDF1BB63050005EA153 /* Sec1901BNRItemCell.h */,
				F6CCACE01BB63050005EA153 /* Sec1901BNRItemCell.m */,
				F6CCACE21BB630F9005EA153 /* Sec19BNRItemCell.xib */,
				F6CCACE61BB63C33005EA153 /* Sec1901BNRItem.h */,
				F6CCACE71BB63C33005EA153 /* Sec1901BNRItem.m */,
				F6CCACE91BB63C89005EA153 /* Sec1901BNRItemStore.h */,
				F6CCACEA1BB63C89005EA153 /* Sec1901BNRItemStore.m */,
				F6CCACEC1BB63D32005EA153 /* Sec1901BNRImageStore.h */,
				F6CCACED1BB63D32005EA153 /* Sec1901BNRImageStore.m */,
				F6CCACF21BB63EEB005EA153 /* Sec1901BNRItemsViewController.h */,
				F6CCACF31BB63EEB005EA153 /* Sec1901BNRItemsViewController.m */,
				F6CCACF51BB6449E005EA153 /* Sec1901BNRDetailViewController.h */,
				F6CCACF61BB6449E005EA153 /* Sec1901BNRDetailViewController.m */,
				F6CCACF81BB6FBFB005EA153 /* Sec1901BNRImageViewController.h */,
				F6CCACF91BB6FBFB005EA153 /* Sec1901BNRImageViewController.m */,
			);
			name = Sec1901;
			sourceTree = "<group>";
		};
		F6DAF4171B9F296C008E3307 /* Sec1301 */ = {
			isa = PBXGroup;
			children = (
				F6DAF4181B9F2A43008E3307 /* Sec1301BNRLine.h */,
				F6DAF4191B9F2A43008E3307 /* Sec1301BNRLine.m */,
				F6DAF41B1B9F2C25008E3307 /* Sec1301BNRDrawView.h */,
				F6DAF41C1B9F2C25008E3307 /* Sec1301BNRDrawView.m */,
				F6DAF41E1B9F3173008E3307 /* Sec1301ViewController.h */,
				F6DAF41F1B9F3173008E3307 /* Sec1301ViewController.m */,
			);
			name = Sec1301;
			sourceTree = "<group>";
		};
		F6F0D8371B9356FD00E0B5E4 /* Sec0401 */ = {
			isa = PBXGroup;
			children = (
				F6F0D8381B93578400E0B5E4 /* Sec0401BNRHypnosisViewController.h */,
				F6F0D8391B93578400E0B5E4 /* Sec0401BNRHypnosisViewController.m */,
				F6F0D83D1B93581F00E0B5E4 /* Sec0401BNRHypnosisView.h */,
				F6F0D83E1B93581F00E0B5E4 /* Sec0401BNRHypnosisView.m */,
				F6F0D8401B93600600E0B5E4 /* Sec0401BNRHypnosisInfoViewController.h */,
				F6F0D8411B93600600E0B5E4 /* Sec0401BNRHypnosisInfoViewController.m */,
			);
			name = Sec0401;
			sourceTree = "<group>";
		};
/* End PBXGroup section */

/* Begin PBXNativeTarget section */
		F6B473501B8DA3230045E578 /* iOSProgramming */ = {
			isa = PBXNativeTarget;
			buildConfigurationList = F6B473741B8DA3230045E578 /* Build configuration list for PBXNativeTarget "iOSProgramming" */;
			buildPhases = (
				F6B4734D1B8DA3230045E578 /* Sources */,
				F6B4734E1B8DA3230045E578 /* Frameworks */,
				F6B4734F1B8DA3230045E578 /* Resources */,
			);
			buildRules = (
			);
			dependencies = (
			);
			name = iOSProgramming;
			productName = iOSProgramming;
			productReference = F6B473511B8DA3230045E578 /* iOSProgramming.app */;
			productType = "com.apple.product-type.application";
		};
		F6B473691B8DA3230045E578 /* iOSProgrammingTests */ = {
			isa = PBXNativeTarget;
			buildConfigurationList = F6B473771B8DA3230045E578 /* Build configuration list for PBXNativeTarget "iOSProgrammingTests" */;
			buildPhases = (
				F6B473661B8DA3230045E578 /* Sources */,
				F6B473671B8DA3230045E578 /* Frameworks */,
				F6B473681B8DA3230045E578 /* Resources */,
			);
			buildRules = (
			);
			dependencies = (
				F6B4736C1B8DA3230045E578 /* PBXTargetDependency */,
			);
			name = iOSProgrammingTests;
			productName = iOSProgrammingTests;
			productReference = F6B4736A1B8DA3230045E578 /* iOSProgrammingTests.xctest */;
			productType = "com.apple.product-type.bundle.unit-test";
		};
/* End PBXNativeTarget section */

/* Begin PBXProject section */
		F6B473491B8DA3230045E578 /* Project object */ = {
			isa = PBXProject;
			attributes = {
				LastUpgradeCheck = 0640;
				ORGANIZATIONNAME = binglen;
				TargetAttributes = {
					F6B473501B8DA3230045E578 = {
						CreatedOnToolsVersion = 6.4;
						DevelopmentTeam = DFD88F82SU;
					};
					F6B473691B8DA3230045E578 = {
						CreatedOnToolsVersion = 6.4;
						DevelopmentTeam = DFD88F82SU;
						TestTargetID = F6B473501B8DA3230045E578;
					};
				};
			};
			buildConfigurationList = F6B4734C1B8DA3230045E578 /* Build configuration list for PBXProject "iOSProgramming" */;
			compatibilityVersion = "Xcode 3.2";
			developmentRegion = English;
			hasScannedForEncodings = 0;
			knownRegions = (
				en,
				Base,
			);
			mainGroup = F6B473481B8DA3230045E578;
			productRefGroup = F6B473521B8DA3230045E578 /* Products */;
			projectDirPath = "";
			projectRoot = "";
			targets = (
				F6B473501B8DA3230045E578 /* iOSProgramming */,
				F6B473691B8DA3230045E578 /* iOSProgrammingTests */,
			);
		};
/* End PBXProject section */

/* Begin PBXResourcesBuildPhase section */
		F6B4734F1B8DA3230045E578 /* Resources */ = {
			isa = PBXResourcesBuildPhase;
			buildActionMask = 2147483647;
			files = (
				F6A2CC121BBAC64200D04DC2 /* MainSec21.storyboard in Resources */,
				F6FD8E1C1BBA189000D1CD1D /* MainSec19.storyboard in Resources */,
				F6ADCCC51B988FA10078FDB2 /* 背景.png in Resources */,
				F681ECFA1B982B8C006D2C8B /* Quiz@2x.png in Resources */,
				F6B473601B8DA3230045E578 /* Main.storyboard in Resources */,
				F681ECFC1B982B95006D2C8B /* Quiz.png in Resources */,
				F6B473651B8DA3230045E578 /* LaunchScreen.xib in Resources */,
				F614CE4A1B9750E200BE9022 /* Time.png in Resources */,
				F6865DB71B946B7800D1E76C /* 苹果.png in Resources */,
				F6CCACE31BB630F9005EA153 /* Sec19BNRItemCell.xib in Resources */,
				F614CE491B9750E200BE9022 /* Hypno@2x.png in Resources */,
				F6B473621B8DA3230045E578 /* Images.xcassets in Resources */,
				F614CE481B9750E200BE9022 /* Hypno.png in Resources */,
				F614CE4B1B9750E200BE9022 /* Time@2x.png in Resources */,
			);
			runOnlyForDeploymentPostprocessing = 0;
		};
		F6B473681B8DA3230045E578 /* Resources */ = {
			isa = PBXResourcesBuildPhase;
			buildActionMask = 2147483647;
			files = (
			);
			runOnlyForDeploymentPostprocessing = 0;
		};
/* End PBXResourcesBuildPhase section */

/* Begin PBXSourcesBuildPhase section */
		F6B4734D1B8DA3230045E578 /* Sources */ = {
			isa = PBXSourcesBuildPhase;
			buildActionMask = 2147483647;
			files = (
				F6ADCCB61B9876C30078FDB2 /* Sec0801BNRItem.m in Sources */,
				F6271E7D1B99D25900FB96FC /* Sec1101CameraOverlayView.m in Sources */,
				F6865DC01B949DB000D1E76C /* Sec0402BNRHypnosisInfoViewController.m in Sources */,
				F6CCACF41BB63EEB005EA153 /* Sec1901BNRItemsViewController.m in Sources */,
				F693A6841B99501A003B859D /* Sec1001BNRItemsViewController.m in Sources */,
				F69F80351B92F5D800F06826 /* Sec0101BNRQuizViewController.m in Sources */,
				F693A6811B994E8A003B859D /* Sec1001BNRItemStore.m in Sources */,
				F6271E6A1B99801F00FB96FC /* Sec1001BNRItemDatePickerViewController.m in Sources */,
				F6271E711B99A8F800FB96FC /* Sec1101BNRItemStore.m in Sources */,
				F6CCACEE1BB63D32005EA153 /* Sec1901BNRImageStore.m in Sources */,
				F69A16821B95F78E00B7FFC8 /* Sec0501BNRHypnosisView.m in Sources */,
				F69A168D1B9602C900B7FFC8 /* Sec0503BNRHypnosisView.m in Sources */,
				F6ADCCC01B9886790078FDB2 /* Sec0802BNRItemStore.m in Sources */,
				F6F0D8421B93600600E0B5E4 /* Sec0401BNRHypnosisInfoViewController.m in Sources */,
				F6271E6E1B99A8CB00FB96FC /* Sec1101BNRItem.m in Sources */,
				F681ED061B985E80006D2C8B /* Sec0701HypnosisView.m in Sources */,
				F6B4735A1B8DA3230045E578 /* AppDelegate.m in Sources */,
				F69F80361B92F5D800F06826 /* Sec0101InformationViewController.m in Sources */,
				F6CCACF71BB6449E005EA153 /* Sec1901BNRDetailViewController.m in Sources */,
				F6271E771B99AE5600FB96FC /* Sec1101BNRDetailViewController.m in Sources */,
				F6865DBA1B949D4C00D1E76C /* Sec0402BNRHypnosisViewController.m in Sources */,
				F69A16891B95FDE500B7FFC8 /* Sec0502BNRHypnosisView.m in Sources */,
				F69A16861B95FD3200B7FFC8 /* Sec0502ViewController.m in Sources */,
				F6B4737C1B8DA6460045E578 /* RootNavigationController.m in Sources */,
				F693A67E1B994E55003B859D /* Sec1001BNRItem.m in Sources */,
				F6ADCCBD1B98863E0078FDB2 /* Sec0802BNRItem.m in Sources */,
				F68DD0261B9C7FBC00708B78 /* Sec1201BNRDrawView.m in Sources */,
				F6CCACEB1BB63C89005EA153 /* Sec1901BNRItemStore.m in Sources */,
				F69F803D1B92FFC400F06826 /* Sec0202BNRContainer.m in Sources */,
				F681ED021B9830DC006D2C8B /* Sec0602BNRHypnosisView.m in Sources */,
				F6CCACE81BB63C33005EA153 /* Sec1901BNRItem.m in Sources */,
				F681ED101B986ED5006D2C8B /* Sec0702BNRHypnosisView.m in Sources */,
				F6CCACFA1BB6FBFB005EA153 /* Sec1901BNRImageViewController.m in Sources */,
				F69A16901B9602E500B7FFC8 /* Sec0503ViewController.m in Sources */,
				F6271E741B99A98D00FB96FC /* Sec1101BNRItemsViewController.m in Sources */,
				F6DAF41A1B9F2A43008E3307 /* Sec1301BNRLine.m in Sources */,
				F6F0D83F1B93581F00E0B5E4 /* Sec0401BNRHypnosisView.m in Sources */,
				F681ECFF1B982BDE006D2C8B /* Sec0602BNRQuizViewController.m in Sources */,
				F6ADCCCC1B98951B0078FDB2 /* Sec0901BNRItem.m in Sources */,
				F6B4738A1B8DC1590045E578 /* SecEndViewController.m in Sources */,
				F6B473571B8DA3230045E578 /* main.m in Sources */,
				F69F80301B92F5A600F06826 /* Sec0201BNRItemViewController.m in Sources */,
				F6865DC31B94A02E00D1E76C /* InformationViewController.m in Sources */,
				F681ED0D1B986EBD006D2C8B /* Sec0702ViewController.m in Sources */,
				F6F0D83B1B93578400E0B5E4 /* Sec0401BNRHypnosisViewController.m in Sources */,
				F69F803A1B92F6B600F06826 /* Sec0202BNRItem.m in Sources */,
				F6ADCCCF1B98952E0078FDB2 /* Sec0901BNRItemStore.m in Sources */,
				F6ADCCC31B98874E0078FDB2 /* Sec0802BNRItemViewController.m in Sources */,
				F6CCACE11BB63050005EA153 /* Sec1901BNRItemCell.m in Sources */,
				F693A6871B995B7D003B859D /* Sec1001BNRDetailViewController.m in Sources */,
				F681ED091B985EE5006D2C8B /* Sec0701HypnosisViewController.m in Sources */,
				F6F0D8361B930ACB00E0B5E4 /* Sec0202BNRContainerViewController.m in Sources */,
				F614CE381B97492300BE9022 /* Sec0601BNRHypnosisView.m in Sources */,
				F68DD0231B9C7E7200708B78 /* Sec1201BNRLine.m in Sources */,
				F6B4737F1B8DA7100045E578 /* RootTableViewController.m in Sources */,
				F68DD0291B9C86E200708B78 /* Sec1201BNRDrawViewController.m in Sources */,
				F6ADCCB91B9877260078FDB2 /* Sec0801BNRItemStore.m in Sources */,
				F6ADCCC91B98949F0078FDB2 /* Sec0901BNRItemsViewController.m in Sources */,
				F614CE351B9748EC00BE9022 /* Sec0601BNRHypnosisViewController.m in Sources */,
				F6865DB31B94690700D1E76C /* Sec0402BNRHypnosisView.m in Sources */,
				F6DAF4201B9F3173008E3307 /* Sec1301ViewController.m in Sources */,
				F614CE3B1B974AE600BE9022 /* Sec0601BNRReminderViewController.m in Sources */,
				F6DAF41D1B9F2C25008E3307 /* Sec1301BNRDrawView.m in Sources */,
				F6271E7A1B99C1C100FB96FC /* Sec1101BNRImageStore.m in Sources */,
				F6A96C281B92D12B00E5DBD4 /* Sec0201BNRItem.m in Sources */,
				F6A2CC151BBAC6F700D04DC2 /* Sec2101BNRCoursesViewController.m in Sources */,
				F6ADCCB31B98765C0078FDB2 /* Sec0801BNRItemsViewController.m in Sources */,
			);
			runOnlyForDeploymentPostprocessing = 0;
		};
		F6B473661B8DA3230045E578 /* Sources */ = {
			isa = PBXSourcesBuildPhase;
			buildActionMask = 2147483647;
			files = (
				F6B473711B8DA3230045E578 /* iOSProgrammingTests.m in Sources */,
			);
			runOnlyForDeploymentPostprocessing = 0;
		};
/* End PBXSourcesBuildPhase section */

/* Begin PBXTargetDependency section */
		F6B4736C1B8DA3230045E578 /* PBXTargetDependency */ = {
			isa = PBXTargetDependency;
			target = F6B473501B8DA3230045E578 /* iOSProgramming */;
			targetProxy = F6B4736B1B8DA3230045E578 /* PBXContainerItemProxy */;
		};
/* End PBXTargetDependency section */

/* Begin PBXVariantGroup section */
		F6B4735E1B8DA3230045E578 /* Main.storyboard */ = {
			isa = PBXVariantGroup;
			children = (
				F6B4735F1B8DA3230045E578 /* Base */,
			);
			name = Main.storyboard;
			sourceTree = "<group>";
		};
		F6B473631B8DA3230045E578 /* LaunchScreen.xib */ = {
			isa = PBXVariantGroup;
			children = (
				F6B473641B8DA3230045E578 /* Base */,
			);
			name = LaunchScreen.xib;
			sourceTree = "<group>";
		};
/* End PBXVariantGroup section */

/* Begin XCBuildConfiguration section */
		F6B473721B8DA3230045E578 /* Debug */ = {
			isa = XCBuildConfiguration;
			buildSettings = {
				ALWAYS_SEARCH_USER_PATHS = NO;
				CLANG_CXX_LANGUAGE_STANDARD = "gnu++0x";
				CLANG_CXX_LIBRARY = "libc++";
				CLANG_ENABLE_MODULES = YES;
				CLANG_ENABLE_OBJC_ARC = YES;
				CLANG_WARN_BOOL_CONVERSION = YES;
				CLANG_WARN_CONSTANT_CONVERSION = YES;
				CLANG_WARN_DIRECT_OBJC_ISA_USAGE = YES_ERROR;
				CLANG_WARN_EMPTY_BODY = YES;
				CLANG_WARN_ENUM_CONVERSION = YES;
				CLANG_WARN_INT_CONVERSION = YES;
				CLANG_WARN_OBJC_ROOT_CLASS = YES_ERROR;
				CLANG_WARN_UNREACHABLE_CODE = YES;
				CLANG_WARN__DUPLICATE_METHOD_MATCH = YES;
				CODE_SIGN_IDENTITY = "iPhone Developer";
				"CODE_SIGN_IDENTITY[sdk=iphoneos*]" = "iPhone Developer: bei li (ES96423TS5)";
				COPY_PHASE_STRIP = NO;
				DEBUG_INFORMATION_FORMAT = "dwarf-with-dsym";
				ENABLE_STRICT_OBJC_MSGSEND = YES;
				GCC_C_LANGUAGE_STANDARD = gnu99;
				GCC_DYNAMIC_NO_PIC = NO;
				GCC_NO_COMMON_BLOCKS = YES;
				GCC_OPTIMIZATION_LEVEL = 0;
				GCC_PREPROCESSOR_DEFINITIONS = (
					"DEBUG=1",
					"$(inherited)",
				);
				GCC_SYMBOLS_PRIVATE_EXTERN = NO;
				GCC_WARN_64_TO_32_BIT_CONVERSION = YES;
				GCC_WARN_ABOUT_RETURN_TYPE = YES_ERROR;
				GCC_WARN_UNDECLARED_SELECTOR = YES;
				GCC_WARN_UNINITIALIZED_AUTOS = YES_AGGRESSIVE;
				GCC_WARN_UNUSED_FUNCTION = YES;
				GCC_WARN_UNUSED_VARIABLE = YES;
				IPHONEOS_DEPLOYMENT_TARGET = 8.4;
				MTL_ENABLE_DEBUG_INFO = YES;
				ONLY_ACTIVE_ARCH = YES;
				PROVISIONING_PROFILE = "09563205-1fd7-4512-9a22-b3f4855a2661";
				SDKROOT = iphoneos;
			};
			name = Debug;
		};
		F6B473731B8DA3230045E578 /* Release */ = {
			isa = XCBuildConfiguration;
			buildSettings = {
				ALWAYS_SEARCH_USER_PATHS = NO;
				CLANG_CXX_LANGUAGE_STANDARD = "gnu++0x";
				CLANG_CXX_LIBRARY = "libc++";
				CLANG_ENABLE_MODULES = YES;
				CLANG_ENABLE_OBJC_ARC = YES;
				CLANG_WARN_BOOL_CONVERSION = YES;
				CLANG_WARN_CONSTANT_CONVERSION = YES;
				CLANG_WARN_DIRECT_OBJC_ISA_USAGE = YES_ERROR;
				CLANG_WARN_EMPTY_BODY = YES;
				CLANG_WARN_ENUM_CONVERSION = YES;
				CLANG_WARN_INT_CONVERSION = YES;
				CLANG_WARN_OBJC_ROOT_CLASS = YES_ERROR;
				CLANG_WARN_UNREACHABLE_CODE = YES;
				CLANG_WARN__DUPLICATE_METHOD_MATCH = YES;
				CODE_SIGN_IDENTITY = "iPhone Developer";
				"CODE_SIGN_IDENTITY[sdk=iphoneos*]" = "iPhone Developer: bei li (ES96423TS5)";
				COPY_PHASE_STRIP = NO;
				DEBUG_INFORMATION_FORMAT = "dwarf-with-dsym";
				ENABLE_NS_ASSERTIONS = NO;
				ENABLE_STRICT_OBJC_MSGSEND = YES;
				GCC_C_LANGUAGE_STANDARD = gnu99;
				GCC_NO_COMMON_BLOCKS = YES;
				GCC_WARN_64_TO_32_BIT_CONVERSION = YES;
				GCC_WARN_ABOUT_RETURN_TYPE = YES_ERROR;
				GCC_WARN_UNDECLARED_SELECTOR = YES;
				GCC_WARN_UNINITIALIZED_AUTOS = YES_AGGRESSIVE;
				GCC_WARN_UNUSED_FUNCTION = YES;
				GCC_WARN_UNUSED_VARIABLE = YES;
				IPHONEOS_DEPLOYMENT_TARGET = 8.4;
				MTL_ENABLE_DEBUG_INFO = NO;
				PROVISIONING_PROFILE = "09563205-1fd7-4512-9a22-b3f4855a2661";
				SDKROOT = iphoneos;
				VALIDATE_PRODUCT = YES;
			};
			name = Release;
		};
		F6B473751B8DA3230045E578 /* Debug */ = {
			isa = XCBuildConfiguration;
			buildSettings = {
				ASSETCATALOG_COMPILER_APPICON_NAME = AppIcon;
				CODE_SIGN_IDENTITY = "iPhone Developer";
				"CODE_SIGN_IDENTITY[sdk=iphoneos*]" = "iPhone Developer";
				INFOPLIST_FILE = iOSProgramming/Info.plist;
				LD_RUNPATH_SEARCH_PATHS = "$(inherited) @executable_path/Frameworks";
				PRODUCT_NAME = "$(TARGET_NAME)";
				PROVISIONING_PROFILE = "";
				TARGETED_DEVICE_FAMILY = "1,2";
			};
			name = Debug;
		};
		F6B473761B8DA3230045E578 /* Release */ = {
			isa = XCBuildConfiguration;
			buildSettings = {
				ASSETCATALOG_COMPILER_APPICON_NAME = AppIcon;
				CODE_SIGN_IDENTITY = "iPhone Developer";
				"CODE_SIGN_IDENTITY[sdk=iphoneos*]" = "iPhone Developer";
				INFOPLIST_FILE = iOSProgramming/Info.plist;
				LD_RUNPATH_SEARCH_PATHS = "$(inherited) @executable_path/Frameworks";
				PRODUCT_NAME = "$(TARGET_NAME)";
				PROVISIONING_PROFILE = "";
				TARGETED_DEVICE_FAMILY = "1,2";
			};
			name = Release;
		};
		F6B473781B8DA3230045E578 /* Debug */ = {
			isa = XCBuildConfiguration;
			buildSettings = {
				BUNDLE_LOADER = "$(TEST_HOST)";
				CODE_SIGN_IDENTITY = "iPhone Developer";
				"CODE_SIGN_IDENTITY[sdk=iphoneos*]" = "iPhone Developer";
				FRAMEWORK_SEARCH_PATHS = (
					"$(SDKROOT)/Developer/Library/Frameworks",
					"$(inherited)",
				);
				GCC_PREPROCESSOR_DEFINITIONS = (
					"DEBUG=1",
					"$(inherited)",
				);
				INFOPLIST_FILE = iOSProgrammingTests/Info.plist;
				LD_RUNPATH_SEARCH_PATHS = "$(inherited) @executable_path/Frameworks @loader_path/Frameworks";
				PRODUCT_NAME = "$(TARGET_NAME)";
				PROVISIONING_PROFILE = "";
				TEST_HOST = "$(BUILT_PRODUCTS_DIR)/iOSProgramming.app/iOSProgramming";
			};
			name = Debug;
		};
		F6B473791B8DA3230045E578 /* Release */ = {
			isa = XCBuildConfiguration;
			buildSettings = {
				BUNDLE_LOADER = "$(TEST_HOST)";
				CODE_SIGN_IDENTITY = "iPhone Developer";
				"CODE_SIGN_IDENTITY[sdk=iphoneos*]" = "iPhone Developer";
				FRAMEWORK_SEARCH_PATHS = (
					"$(SDKROOT)/Developer/Library/Frameworks",
					"$(inherited)",
				);
				INFOPLIST_FILE = iOSProgrammingTests/Info.plist;
				LD_RUNPATH_SEARCH_PATHS = "$(inherited) @executable_path/Frameworks @loader_path/Frameworks";
				PRODUCT_NAME = "$(TARGET_NAME)";
				PROVISIONING_PROFILE = "";
				TEST_HOST = "$(BUILT_PRODUCTS_DIR)/iOSProgramming.app/iOSProgramming";
			};
			name = Release;
		};
/* End XCBuildConfiguration section */

/* Begin XCConfigurationList section */
		F6B4734C1B8DA3230045E578 /* Build configuration list for PBXProject "iOSProgramming" */ = {
			isa = XCConfigurationList;
			buildConfigurations = (
				F6B473721B8DA3230045E578 /* Debug */,
				F6B473731B8DA3230045E578 /* Release */,
			);
			defaultConfigurationIsVisible = 0;
			defaultConfigurationName = Release;
		};
		F6B473741B8DA3230045E578 /* Build configuration list for PBXNativeTarget "iOSProgramming" */ = {
			isa = XCConfigurationList;
			buildConfigurations = (
				F6B473751B8DA3230045E578 /* Debug */,
				F6B473761B8DA3230045E578 /* Release */,
			);
			defaultConfigurationIsVisible = 0;
			defaultConfigurationName = Release;
		};
		F6B473771B8DA3230045E578 /* Build configuration list for PBXNativeTarget "iOSProgrammingTests" */ = {
			isa = XCConfigurationList;
			buildConfigurations = (
				F6B473781B8DA3230045E578 /* Debug */,
				F6B473791B8DA3230045E578 /* Release */,
			);
			defaultConfigurationIsVisible = 0;
			defaultConfigurationName = Release;
		};
/* End XCConfigurationList section */
	};
	rootObject = F6B473491B8DA3230045E578 /* Project object */;
}
